// !$*UTF8*$!
{
	archiveVersion = 1;
	classes = {
	};
	objectVersion = 56;
	objects = {

/* Begin PBXBuildFile section */
		3F1658CD2D0FA6069C0537FF /* Pods_CineTrack_CineTrackUITests.framework in Frameworks */ = {isa = PBXBuildFile; fileRef = BD77838A3A8A7BDD00588986 /* Pods_CineTrack_CineTrackUITests.framework */; };
		8CFA770DD30BAF24BAE6BE0C /* Pods_CineTrack.framework in Frameworks */ = {isa = PBXBuildFile; fileRef = 916E83907F4642652FA3DECF /* Pods_CineTrack.framework */; };
		B045AF3624B6D40F7D1B310D /* Pods_CineTrackTests.framework in Frameworks */ = {isa = PBXBuildFile; fileRef = 94153DC847AAAB258F3FCBCF /* Pods_CineTrackTests.framework */; };
/* End PBXBuildFile section */

/* Begin PBXContainerItemProxy section */
		654916A62CE5BC2A0002EC8A /* PBXContainerItemProxy */ = {
			isa = PBXContainerItemProxy;
			containerPortal = 6549168D2CE5BC240002EC8A /* Project object */;
			proxyType = 1;
			remoteGlobalIDString = 654916942CE5BC250002EC8A;
			remoteInfo = CineTrack;
		};
		654916B02CE5BC2A0002EC8A /* PBXContainerItemProxy */ = {
			isa = PBXContainerItemProxy;
			containerPortal = 6549168D2CE5BC240002EC8A /* Project object */;
			proxyType = 1;
			remoteGlobalIDString = 654916942CE5BC250002EC8A;
			remoteInfo = CineTrack;
		};
/* End PBXContainerItemProxy section */

/* Begin PBXFileReference section */
		0B71FACFB78B879C801D4976 /* Pods-CineTrackTests.release.xcconfig */ = {isa = PBXFileReference; includeInIndex = 1; lastKnownFileType = text.xcconfig; name = "Pods-CineTrackTests.release.xcconfig"; path = "Target Support Files/Pods-CineTrackTests/Pods-CineTrackTests.release.xcconfig"; sourceTree = "<group>"; };
		617B424AAF034C5CF7078F15 /* Pods-CineTrack-CineTrackUITests.release.xcconfig */ = {isa = PBXFileReference; includeInIndex = 1; lastKnownFileType = text.xcconfig; name = "Pods-CineTrack-CineTrackUITests.release.xcconfig"; path = "Target Support Files/Pods-CineTrack-CineTrackUITests/Pods-CineTrack-CineTrackUITests.release.xcconfig"; sourceTree = "<group>"; };
		654916952CE5BC250002EC8A /* CineTrack.app */ = {isa = PBXFileReference; explicitFileType = wrapper.application; includeInIndex = 0; path = CineTrack.app; sourceTree = BUILT_PRODUCTS_DIR; };
		654916A52CE5BC2A0002EC8A /* CineTrackTests.xctest */ = {isa = PBXFileReference; explicitFileType = wrapper.cfbundle; includeInIndex = 0; path = CineTrackTests.xctest; sourceTree = BUILT_PRODUCTS_DIR; };
		654916AF2CE5BC2A0002EC8A /* CineTrackUITests.xctest */ = {isa = PBXFileReference; explicitFileType = wrapper.cfbundle; includeInIndex = 0; path = CineTrackUITests.xctest; sourceTree = BUILT_PRODUCTS_DIR; };
		7DE816C85F69D076B36D2011 /* Pods-CineTrack-CineTrackUITests.debug.xcconfig */ = {isa = PBXFileReference; includeInIndex = 1; lastKnownFileType = text.xcconfig; name = "Pods-CineTrack-CineTrackUITests.debug.xcconfig"; path = "Target Support Files/Pods-CineTrack-CineTrackUITests/Pods-CineTrack-CineTrackUITests.debug.xcconfig"; sourceTree = "<group>"; };
		7E78D33EDE0BA85CC6906E57 /* Pods-CineTrack.release.xcconfig */ = {isa = PBXFileReference; includeInIndex = 1; lastKnownFileType = text.xcconfig; name = "Pods-CineTrack.release.xcconfig"; path = "Target Support Files/Pods-CineTrack/Pods-CineTrack.release.xcconfig"; sourceTree = "<group>"; };
		916E83907F4642652FA3DECF /* Pods_CineTrack.framework */ = {isa = PBXFileReference; explicitFileType = wrapper.framework; includeInIndex = 0; path = Pods_CineTrack.framework; sourceTree = BUILT_PRODUCTS_DIR; };
		94153DC847AAAB258F3FCBCF /* Pods_CineTrackTests.framework */ = {isa = PBXFileReference; explicitFileType = wrapper.framework; includeInIndex = 0; path = Pods_CineTrackTests.framework; sourceTree = BUILT_PRODUCTS_DIR; };
		BD77838A3A8A7BDD00588986 /* Pods_CineTrack_CineTrackUITests.framework */ = {isa = PBXFileReference; explicitFileType = wrapper.framework; includeInIndex = 0; path = Pods_CineTrack_CineTrackUITests.framework; sourceTree = BUILT_PRODUCTS_DIR; };
		D3342AEECE121951763F4324 /* Pods-CineTrackTests.debug.xcconfig */ = {isa = PBXFileReference; includeInIndex = 1; lastKnownFileType = text.xcconfig; name = "Pods-CineTrackTests.debug.xcconfig"; path = "Target Support Files/Pods-CineTrackTests/Pods-CineTrackTests.debug.xcconfig"; sourceTree = "<group>"; };
		ECDE74BCE28662CE3BBFBD7C /* Pods-CineTrack.debug.xcconfig */ = {isa = PBXFileReference; includeInIndex = 1; lastKnownFileType = text.xcconfig; name = "Pods-CineTrack.debug.xcconfig"; path = "Target Support Files/Pods-CineTrack/Pods-CineTrack.debug.xcconfig"; sourceTree = "<group>"; };
/* End PBXFileReference section */

/* Begin PBXFrameworksBuildPhase section */
		654916922CE5BC250002EC8A /* Frameworks */ = {
			isa = PBXFrameworksBuildPhase;
			buildActionMask = 2147483647;
			files = (
				8CFA770DD30BAF24BAE6BE0C /* Pods_CineTrack.framework in Frameworks */,
			);
			runOnlyForDeploymentPostprocessing = 0;
		};
		654916A22CE5BC2A0002EC8A /* Frameworks */ = {
			isa = PBXFrameworksBuildPhase;
			buildActionMask = 2147483647;
			files = (
				B045AF3624B6D40F7D1B310D /* Pods_CineTrackTests.framework in Frameworks */,
			);
			runOnlyForDeploymentPostprocessing = 0;
		};
		654916AC2CE5BC2A0002EC8A /* Frameworks */ = {
			isa = PBXFrameworksBuildPhase;
			buildActionMask = 2147483647;
			files = (
				3F1658CD2D0FA6069C0537FF /* Pods_CineTrack_CineTrackUITests.framework in Frameworks */,
			);
			runOnlyForDeploymentPostprocessing = 0;
		};
/* End PBXFrameworksBuildPhase section */

/* Begin PBXGroup section */
		3E6D7944E4A73E0CADC016A1 /* Frameworks */ = {
			isa = PBXGroup;
			children = (
				916E83907F4642652FA3DECF /* Pods_CineTrack.framework */,
				BD77838A3A8A7BDD00588986 /* Pods_CineTrack_CineTrackUITests.framework */,
				94153DC847AAAB258F3FCBCF /* Pods_CineTrackTests.framework */,
			);
			name = Frameworks;
			sourceTree = "<group>";
		};
		6549168C2CE5BC240002EC8A = {
			isa = PBXGroup;
			children = (
				654916972CE5BC250002EC8A /* CineTrack */,
				654916A82CE5BC2A0002EC8A /* CineTrackTests */,
				654916B22CE5BC2A0002EC8A /* CineTrackUITests */,
				654916962CE5BC250002EC8A /* Products */,
				CC21FFC4153216196994A2E5 /* Pods */,
				3E6D7944E4A73E0CADC016A1 /* Frameworks */,
			);
			sourceTree = "<group>";
		};
		654916962CE5BC250002EC8A /* Products */ = {
			isa = PBXGroup;
			children = (
				654916952CE5BC250002EC8A /* CineTrack.app */,
				654916A52CE5BC2A0002EC8A /* CineTrackTests.xctest */,
				654916AF2CE5BC2A0002EC8A /* CineTrackUITests.xctest */,
			);
			name = Products;
			sourceTree = "<group>";
		};
		654916972CE5BC250002EC8A /* CineTrack */ = {
			isa = PBXGroup;
			children = (
			);
			path = CineTrack;
			sourceTree = "<group>";
		};
		654916A82CE5BC2A0002EC8A /* CineTrackTests */ = {
			isa = PBXGroup;
			children = (
			);
			path = CineTrackTests;
			sourceTree = "<group>";
		};
		654916B22CE5BC2A0002EC8A /* CineTrackUITests */ = {
			isa = PBXGroup;
			children = (
			);
			path = CineTrackUITests;
			sourceTree = "<group>";
		};
		CC21FFC4153216196994A2E5 /* Pods */ = {
			isa = PBXGroup;
			children = (
				ECDE74BCE28662CE3BBFBD7C /* Pods-CineTrack.debug.xcconfig */,
				7E78D33EDE0BA85CC6906E57 /* Pods-CineTrack.release.xcconfig */,
				7DE816C85F69D076B36D2011 /* Pods-CineTrack-CineTrackUITests.debug.xcconfig */,
				617B424AAF034C5CF7078F15 /* Pods-CineTrack-CineTrackUITests.release.xcconfig */,
				D3342AEECE121951763F4324 /* Pods-CineTrackTests.debug.xcconfig */,
				0B71FACFB78B879C801D4976 /* Pods-CineTrackTests.release.xcconfig */,
			);
			name = Pods;
			path = Pods;
			sourceTree = "<group>";
		};
/* End PBXGroup section */

/* Begin PBXNativeTarget section */
		654916942CE5BC250002EC8A /* CineTrack */ = {
			isa = PBXNativeTarget;
			buildConfigurationList = 654916B92CE5BC2B0002EC8A /* Build configuration list for PBXNativeTarget "CineTrack" */;
			buildPhases = (
				462BA5192406DD892D22E001 /* [CP] Check Pods Manifest.lock */,
				654916912CE5BC250002EC8A /* Sources */,
				654916922CE5BC250002EC8A /* Frameworks */,
				654916932CE5BC250002EC8A /* Resources */,
				7E38466610E38EE824867D66 /* [CP] Embed Pods Frameworks */,
			);
			buildRules = (
			);
			dependencies = (
			);
			name = CineTrack;
			productName = CineTrack;
			productReference = 654916952CE5BC250002EC8A /* CineTrack.app */;
			productType = "com.apple.product-type.application";
		};
		654916A42CE5BC2A0002EC8A /* CineTrackTests */ = {
			isa = PBXNativeTarget;
			buildConfigurationList = 654916BC2CE5BC2B0002EC8A /* Build configuration list for PBXNativeTarget "CineTrackTests" */;
			buildPhases = (
				03402526A4D659ECB58417BF /* [CP] Check Pods Manifest.lock */,
				654916A12CE5BC2A0002EC8A /* Sources */,
				654916A22CE5BC2A0002EC8A /* Frameworks */,
				654916A32CE5BC2A0002EC8A /* Resources */,
			);
			buildRules = (
			);
			dependencies = (
				654916A72CE5BC2A0002EC8A /* PBXTargetDependency */,
			);
			name = CineTrackTests;
			productName = CineTrackTests;
			productReference = 654916A52CE5BC2A0002EC8A /* CineTrackTests.xctest */;
			productType = "com.apple.product-type.bundle.unit-test";
		};
		654916AE2CE5BC2A0002EC8A /* CineTrackUITests */ = {
			isa = PBXNativeTarget;
			buildConfigurationList = 654916BF2CE5BC2B0002EC8A /* Build configuration list for PBXNativeTarget "CineTrackUITests" */;
			buildPhases = (
				B3E4BFFBE4354FF3ED5442B2 /* [CP] Check Pods Manifest.lock */,
				654916AB2CE5BC2A0002EC8A /* Sources */,
				654916AC2CE5BC2A0002EC8A /* Frameworks */,
				654916AD2CE5BC2A0002EC8A /* Resources */,
				F5A49DE91FBFF3B1415426AA /* [CP] Embed Pods Frameworks */,
			);
			buildRules = (
			);
			dependencies = (
				654916B12CE5BC2A0002EC8A /* PBXTargetDependency */,
			);
			name = CineTrackUITests;
			productName = CineTrackUITests;
			productReference = 654916AF2CE5BC2A0002EC8A /* CineTrackUITests.xctest */;
			productType = "com.apple.product-type.bundle.ui-testing";
		};
/* End PBXNativeTarget section */

/* Begin PBXProject section */
		6549168D2CE5BC240002EC8A /* Project object */ = {
			isa = PBXProject;
			attributes = {
				BuildIndependentTargetsInParallel = 1;
				LastSwiftUpdateCheck = 1610;
				LastUpgradeCheck = 1610;
				TargetAttributes = {
					654916942CE5BC250002EC8A = {
						CreatedOnToolsVersion = 16.1;
					};
					654916A42CE5BC2A0002EC8A = {
						CreatedOnToolsVersion = 16.1;
						TestTargetID = 654916942CE5BC250002EC8A;
					};
					654916AE2CE5BC2A0002EC8A = {
						CreatedOnToolsVersion = 16.1;
						TestTargetID = 654916942CE5BC250002EC8A;
					};
				};
			};
			buildConfigurationList = 654916902CE5BC250002EC8A /* Build configuration list for PBXProject "CineTrack" */;
			developmentRegion = en;
			hasScannedForEncodings = 0;
			knownRegions = (
				en,
				Base,
			);
			mainGroup = 6549168C2CE5BC240002EC8A;
			minimizedProjectReferenceProxies = 1;
			productRefGroup = 654916962CE5BC250002EC8A /* Products */;
			projectDirPath = "";
			projectRoot = "";
			targets = (
				654916942CE5BC250002EC8A /* CineTrack */,
				654916A42CE5BC2A0002EC8A /* CineTrackTests */,
				654916AE2CE5BC2A0002EC8A /* CineTrackUITests */,
			);
		};
/* End PBXProject section */

/* Begin PBXResourcesBuildPhase section */
		654916932CE5BC250002EC8A /* Resources */ = {
			isa = PBXResourcesBuildPhase;
			buildActionMask = 2147483647;
			files = (
			);
			runOnlyForDeploymentPostprocessing = 0;
		};
		654916A32CE5BC2A0002EC8A /* Resources */ = {
			isa = PBXResourcesBuildPhase;
			buildActionMask = 2147483647;
			files = (
			);
			runOnlyForDeploymentPostprocessing = 0;
		};
		654916AD2CE5BC2A0002EC8A /* Resources */ = {
			isa = PBXResourcesBuildPhase;
			buildActionMask = 2147483647;
			files = (
			);
			runOnlyForDeploymentPostprocessing = 0;
		};
/* End PBXResourcesBuildPhase section */

/* Begin PBXShellScriptBuildPhase section */
		03402526A4D659ECB58417BF /* [CP] Check Pods Manifest.lock */ = {
			isa = PBXShellScriptBuildPhase;
			buildActionMask = 2147483647;
			files = (
			);
			inputFileListPaths = (
			);
			inputPaths = (
				"${PODS_PODFILE_DIR_PATH}/Podfile.lock",
				"${PODS_ROOT}/Manifest.lock",
			);
			name = "[CP] Check Pods Manifest.lock";
			outputFileListPaths = (
			);
			outputPaths = (
				"$(DERIVED_FILE_DIR)/Pods-CineTrackTests-checkManifestLockResult.txt",
			);
			runOnlyForDeploymentPostprocessing = 0;
			shellPath = /bin/sh;
			shellScript = "diff \"${PODS_PODFILE_DIR_PATH}/Podfile.lock\" \"${PODS_ROOT}/Manifest.lock\" > /dev/null\nif [ $? != 0 ] ; then\n    # print error to STDERR\n    echo \"error: The sandbox is not in sync with the Podfile.lock. Run 'pod install' or update your CocoaPods installation.\" >&2\n    exit 1\nfi\n# This output is used by Xcode 'outputs' to avoid re-running this script phase.\necho \"SUCCESS\" > \"${SCRIPT_OUTPUT_FILE_0}\"\n";
			showEnvVarsInLog = 0;
		};
		462BA5192406DD892D22E001 /* [CP] Check Pods Manifest.lock */ = {
			isa = PBXShellScriptBuildPhase;
			buildActionMask = 2147483647;
			files = (
			);
			inputFileListPaths = (
			);
			inputPaths = (
				"${PODS_PODFILE_DIR_PATH}/Podfile.lock",
				"${PODS_ROOT}/Manifest.lock",
			);
			name = "[CP] Check Pods Manifest.lock";
			outputFileListPaths = (
			);
			outputPaths = (
				"$(DERIVED_FILE_DIR)/Pods-CineTrack-checkManifestLockResult.txt",
			);
			runOnlyForDeploymentPostprocessing = 0;
			shellPath = /bin/sh;
			shellScript = "diff \"${PODS_PODFILE_DIR_PATH}/Podfile.lock\" \"${PODS_ROOT}/Manifest.lock\" > /dev/null\nif [ $? != 0 ] ; then\n    # print error to STDERR\n    echo \"error: The sandbox is not in sync with the Podfile.lock. Run 'pod install' or update your CocoaPods installation.\" >&2\n    exit 1\nfi\n# This output is used by Xcode 'outputs' to avoid re-running this script phase.\necho \"SUCCESS\" > \"${SCRIPT_OUTPUT_FILE_0}\"\n";
			showEnvVarsInLog = 0;
		};
		7E38466610E38EE824867D66 /* [CP] Embed Pods Frameworks */ = {
			isa = PBXShellScriptBuildPhase;
			buildActionMask = 2147483647;
			files = (
			);
			inputFileListPaths = (
				"${PODS_ROOT}/Target Support Files/Pods-CineTrack/Pods-CineTrack-frameworks-${CONFIGURATION}-input-files.xcfilelist",
			);
			name = "[CP] Embed Pods Frameworks";
			outputFileListPaths = (
				"${PODS_ROOT}/Target Support Files/Pods-CineTrack/Pods-CineTrack-frameworks-${CONFIGURATION}-output-files.xcfilelist",
			);
			runOnlyForDeploymentPostprocessing = 0;
			shellPath = /bin/sh;
			shellScript = "\"${PODS_ROOT}/Target Support Files/Pods-CineTrack/Pods-CineTrack-frameworks.sh\"\n";
			showEnvVarsInLog = 0;
		};
		B3E4BFFBE4354FF3ED5442B2 /* [CP] Check Pods Manifest.lock */ = {
			isa = PBXShellScriptBuildPhase;
			buildActionMask = 2147483647;
			files = (
			);
			inputFileListPaths = (
			);
			inputPaths = (
				"${PODS_PODFILE_DIR_PATH}/Podfile.lock",
				"${PODS_ROOT}/Manifest.lock",
			);
			name = "[CP] Check Pods Manifest.lock";
			outputFileListPaths = (
			);
			outputPaths = (
				"$(DERIVED_FILE_DIR)/Pods-CineTrack-CineTrackUITests-checkManifestLockResult.txt",
			);
			runOnlyForDeploymentPostprocessing = 0;
			shellPath = /bin/sh;
			shellScript = "diff \"${PODS_PODFILE_DIR_PATH}/Podfile.lock\" \"${PODS_ROOT}/Manifest.lock\" > /dev/null\nif [ $? != 0 ] ; then\n    # print error to STDERR\n    echo \"error: The sandbox is not in sync with the Podfile.lock. Run 'pod install' or update your CocoaPods installation.\" >&2\n    exit 1\nfi\n# This output is used by Xcode 'outputs' to avoid re-running this script phase.\necho \"SUCCESS\" > \"${SCRIPT_OUTPUT_FILE_0}\"\n";
			showEnvVarsInLog = 0;
		};
		F5A49DE91FBFF3B1415426AA /* [CP] Embed Pods Frameworks */ = {
			isa = PBXShellScriptBuildPhase;
			buildActionMask = 2147483647;
			files = (
			);
			inputFileListPaths = (
				"${PODS_ROOT}/Target Support Files/Pods-CineTrack-CineTrackUITests/Pods-CineTrack-CineTrackUITests-frameworks-${CONFIGURATION}-input-files.xcfilelist",
			);
			name = "[CP] Embed Pods Frameworks";
			outputFileListPaths = (
				"${PODS_ROOT}/Target Support Files/Pods-CineTrack-CineTrackUITests/Pods-CineTrack-CineTrackUITests-frameworks-${CONFIGURATION}-output-files.xcfilelist",
			);
			runOnlyForDeploymentPostprocessing = 0;
			shellPath = /bin/sh;
			shellScript = "\"${PODS_ROOT}/Target Support Files/Pods-CineTrack-CineTrackUITests/Pods-CineTrack-CineTrackUITests-frameworks.sh\"\n";
			showEnvVarsInLog = 0;
		};
/* End PBXShellScriptBuildPhase section */

/* Begin PBXSourcesBuildPhase section */
		654916912CE5BC250002EC8A /* Sources */ = {
			isa = PBXSourcesBuildPhase;
			buildActionMask = 2147483647;
			files = (
			);
			runOnlyForDeploymentPostprocessing = 0;
		};
		654916A12CE5BC2A0002EC8A /* Sources */ = {
			isa = PBXSourcesBuildPhase;
			buildActionMask = 2147483647;
			files = (
			);
			runOnlyForDeploymentPostprocessing = 0;
		};
		654916AB2CE5BC2A0002EC8A /* Sources */ = {
			isa = PBXSourcesBuildPhase;
			buildActionMask = 2147483647;
			files = (
			);
			runOnlyForDeploymentPostprocessing = 0;
		};
/* End PBXSourcesBuildPhase section */

/* Begin PBXTargetDependency section */
		654916A72CE5BC2A0002EC8A /* PBXTargetDependency */ = {
			isa = PBXTargetDependency;
			target = 654916942CE5BC250002EC8A /* CineTrack */;
			targetProxy = 654916A62CE5BC2A0002EC8A /* PBXContainerItemProxy */;
		};
		654916B12CE5BC2A0002EC8A /* PBXTargetDependency */ = {
			isa = PBXTargetDependency;
			target = 654916942CE5BC250002EC8A /* CineTrack */;
			targetProxy = 654916B02CE5BC2A0002EC8A /* PBXContainerItemProxy */;
		};
/* End PBXTargetDependency section */

/* Begin XCBuildConfiguration section */
		654916B72CE5BC2B0002EC8A /* Debug */ = {
			isa = XCBuildConfiguration;
			buildSettings = {
				ALWAYS_SEARCH_USER_PATHS = NO;
				ASSETCATALOG_COMPILER_GENERATE_SWIFT_ASSET_SYMBOL_EXTENSIONS = YES;
				CLANG_ANALYZER_NONNULL = YES;
				CLANG_ANALYZER_NUMBER_OBJECT_CONVERSION = YES_AGGRESSIVE;
				CLANG_CXX_LANGUAGE_STANDARD = "gnu++20";
				CLANG_ENABLE_MODULES = YES;
				CLANG_ENABLE_OBJC_ARC = YES;
				CLANG_ENABLE_OBJC_WEAK = YES;
				CLANG_WARN_BLOCK_CAPTURE_AUTORELEASING = YES;
				CLANG_WARN_BOOL_CONVERSION = YES;
				CLANG_WARN_COMMA = YES;
				CLANG_WARN_CONSTANT_CONVERSION = YES;
				CLANG_WARN_DEPRECATED_OBJC_IMPLEMENTATIONS = YES;
				CLANG_WARN_DIRECT_OBJC_ISA_USAGE = YES_ERROR;
				CLANG_WARN_DOCUMENTATION_COMMENTS = YES;
				CLANG_WARN_EMPTY_BODY = YES;
				CLANG_WARN_ENUM_CONVERSION = YES;
				CLANG_WARN_INFINITE_RECURSION = YES;
				CLANG_WARN_INT_CONVERSION = YES;
				CLANG_WARN_NON_LITERAL_NULL_CONVERSION = YES;
				CLANG_WARN_OBJC_IMPLICIT_RETAIN_SELF = YES;
				CLANG_WARN_OBJC_LITERAL_CONVERSION = YES;
				CLANG_WARN_OBJC_ROOT_CLASS = YES_ERROR;
				CLANG_WARN_QUOTED_INCLUDE_IN_FRAMEWORK_HEADER = YES;
				CLANG_WARN_RANGE_LOOP_ANALYSIS = YES;
				CLANG_WARN_STRICT_PROTOTYPES = YES;
				CLANG_WARN_SUSPICIOUS_MOVE = YES;
				CLANG_WARN_UNGUARDED_AVAILABILITY = YES_AGGRESSIVE;
				CLANG_WARN_UNREACHABLE_CODE = YES;
				CLANG_WARN__DUPLICATE_METHOD_MATCH = YES;
				COPY_PHASE_STRIP = NO;
				DEBUG_INFORMATION_FORMAT = dwarf;
				ENABLE_STRICT_OBJC_MSGSEND = YES;
				ENABLE_TESTABILITY = YES;
				ENABLE_USER_SCRIPT_SANDBOXING = YES;
				GCC_C_LANGUAGE_STANDARD = gnu17;
				GCC_DYNAMIC_NO_PIC = NO;
				GCC_NO_COMMON_BLOCKS = YES;
				GCC_OPTIMIZATION_LEVEL = 0;
				GCC_PREPROCESSOR_DEFINITIONS = (
					"DEBUG=1",
					"$(inherited)",
				);
				GCC_WARN_64_TO_32_BIT_CONVERSION = YES;
				GCC_WARN_ABOUT_RETURN_TYPE = YES_ERROR;
				GCC_WARN_UNDECLARED_SELECTOR = YES;
				GCC_WARN_UNINITIALIZED_AUTOS = YES_AGGRESSIVE;
				GCC_WARN_UNUSED_FUNCTION = YES;
				GCC_WARN_UNUSED_VARIABLE = YES;
				IPHONEOS_DEPLOYMENT_TARGET = 18.1;
				LOCALIZATION_PREFERS_STRING_CATALOGS = YES;
				MTL_ENABLE_DEBUG_INFO = INCLUDE_SOURCE;
				MTL_FAST_MATH = YES;
				ONLY_ACTIVE_ARCH = YES;
				SDKROOT = iphoneos;
				SWIFT_ACTIVE_COMPILATION_CONDITIONS = "DEBUG $(inherited)";
				SWIFT_OPTIMIZATION_LEVEL = "-Onone";
			};
			name = Debug;
		};
		654916B82CE5BC2B0002EC8A /* Release */ = {
			isa = XCBuildConfiguration;
			buildSettings = {
				ALWAYS_SEARCH_USER_PATHS = NO;
				ASSETCATALOG_COMPILER_GENERATE_SWIFT_ASSET_SYMBOL_EXTENSIONS = YES;
				CLANG_ANALYZER_NONNULL = YES;
				CLANG_ANALYZER_NUMBER_OBJECT_CONVERSION = YES_AGGRESSIVE;
				CLANG_CXX_LANGUAGE_STANDARD = "gnu++20";
				CLANG_ENABLE_MODULES = YES;
				CLANG_ENABLE_OBJC_ARC = YES;
				CLANG_ENABLE_OBJC_WEAK = YES;
				CLANG_WARN_BLOCK_CAPTURE_AUTORELEASING = YES;
				CLANG_WARN_BOOL_CONVERSION = YES;
				CLANG_WARN_COMMA = YES;
				CLANG_WARN_CONSTANT_CONVERSION = YES;
				CLANG_WARN_DEPRECATED_OBJC_IMPLEMENTATIONS = YES;
				CLANG_WARN_DIRECT_OBJC_ISA_USAGE = YES_ERROR;
				CLANG_WARN_DOCUMENTATION_COMMENTS = YES;
				CLANG_WARN_EMPTY_BODY = YES;
				CLANG_WARN_ENUM_CONVERSION = YES;
				CLANG_WARN_INFINITE_RECURSION = YES;
				CLANG_WARN_INT_CONVERSION = YES;
				CLANG_WARN_NON_LITERAL_NULL_CONVERSION = YES;
				CLANG_WARN_OBJC_IMPLICIT_RETAIN_SELF = YES;
				CLANG_WARN_OBJC_LITERAL_CONVERSION = YES;
				CLANG_WARN_OBJC_ROOT_CLASS = YES_ERROR;
				CLANG_WARN_QUOTED_INCLUDE_IN_FRAMEWORK_HEADER = YES;
				CLANG_WARN_RANGE_LOOP_ANALYSIS = YES;
				CLANG_WARN_STRICT_PROTOTYPES = YES;
				CLANG_WARN_SUSPICIOUS_MOVE = YES;
				CLANG_WARN_UNGUARDED_AVAILABILITY = YES_AGGRESSIVE;
				CLANG_WARN_UNREACHABLE_CODE = YES;
				CLANG_WARN__DUPLICATE_METHOD_MATCH = YES;
				COPY_PHASE_STRIP = NO;
				DEBUG_INFORMATION_FORMAT = "dwarf-with-dsym";
				ENABLE_NS_ASSERTIONS = NO;
				ENABLE_STRICT_OBJC_MSGSEND = YES;
				ENABLE_USER_SCRIPT_SANDBOXING = YES;
				GCC_C_LANGUAGE_STANDARD = gnu17;
				GCC_NO_COMMON_BLOCKS = YES;
				GCC_WARN_64_TO_32_BIT_CONVERSION = YES;
				GCC_WARN_ABOUT_RETURN_TYPE = YES_ERROR;
				GCC_WARN_UNDECLARED_SELECTOR = YES;
				GCC_WARN_UNINITIALIZED_AUTOS = YES_AGGRESSIVE;
				GCC_WARN_UNUSED_FUNCTION = YES;
				GCC_WARN_UNUSED_VARIABLE = YES;
				IPHONEOS_DEPLOYMENT_TARGET = 18.1;
				LOCALIZATION_PREFERS_STRING_CATALOGS = YES;
				MTL_ENABLE_DEBUG_INFO = NO;
				MTL_FAST_MATH = YES;
				SDKROOT = iphoneos;
				SWIFT_COMPILATION_MODE = wholemodule;
				VALIDATE_PRODUCT = YES;
			};
			name = Release;
		};
		654916BA2CE5BC2B0002EC8A /* Debug */ = {
			isa = XCBuildConfiguration;
			baseConfigurationReference = ECDE74BCE28662CE3BBFBD7C /* Pods-CineTrack.debug.xcconfig */;
			buildSettings = {
				ASSETCATALOG_COMPILER_APPICON_NAME = AppIcon;
				ASSETCATALOG_COMPILER_GLOBAL_ACCENT_COLOR_NAME = AccentColor;
				CODE_SIGN_STYLE = Automatic;
				CURRENT_PROJECT_VERSION = 1;
				DEVELOPMENT_ASSET_PATHS = "\"CineTrack/Preview Content\"";
				DEVELOPMENT_TEAM = 626FRPWPF5;
				ENABLE_PREVIEWS = YES;
				GENERATE_INFOPLIST_FILE = YES;
				INFOPLIST_KEY_UIApplicationSceneManifest_Generation = YES;
				INFOPLIST_KEY_UIApplicationSupportsIndirectInputEvents = YES;
				INFOPLIST_KEY_UILaunchScreen_Generation = YES;
				INFOPLIST_KEY_UISupportedInterfaceOrientations_iPad = "UIInterfaceOrientationPortrait UIInterfaceOrientationPortraitUpsideDown UIInterfaceOrientationLandscapeLeft UIInterfaceOrientationLandscapeRight";
				INFOPLIST_KEY_UISupportedInterfaceOrientations_iPhone = "UIInterfaceOrientationPortrait UIInterfaceOrientationLandscapeLeft UIInterfaceOrientationLandscapeRight";
				LD_RUNPATH_SEARCH_PATHS = (
					"$(inherited)",
					"@executable_path/Frameworks",
				);
				MARKETING_VERSION = 1.0;
				PRODUCT_BUNDLE_IDENTIFIER = com.noosreg.CineTrack;
				PRODUCT_NAME = "$(TARGET_NAME)";
				SWIFT_EMIT_LOC_STRINGS = YES;
				SWIFT_VERSION = 5.0;
				TARGETED_DEVICE_FAMILY = "1,2";
			};
			name = Debug;
		};
		654916BB2CE5BC2B0002EC8A /* Release */ = {
			isa = XCBuildConfiguration;
			baseConfigurationReference = 7E78D33EDE0BA85CC6906E57 /* Pods-CineTrack.release.xcconfig */;
			buildSettings = {
				ASSETCATALOG_COMPILER_APPICON_NAME = AppIcon;
				ASSETCATALOG_COMPILER_GLOBAL_ACCENT_COLOR_NAME = AccentColor;
				CODE_SIGN_STYLE = Automatic;
				CURRENT_PROJECT_VERSION = 1;
				DEVELOPMENT_ASSET_PATHS = "\"CineTrack/Preview Content\"";
				DEVELOPMENT_TEAM = 626FRPWPF5;
				ENABLE_PREVIEWS = YES;
				GENERATE_INFOPLIST_FILE = YES;
				INFOPLIST_KEY_UIApplicationSceneManifest_Generation = YES;
				INFOPLIST_KEY_UIApplicationSupportsIndirectInputEvents = YES;
				INFOPLIST_KEY_UILaunchScreen_Generation = YES;
				INFOPLIST_KEY_UISupportedInterfaceOrientations_iPad = "UIInterfaceOrientationPortrait UIInterfaceOrientationPortraitUpsideDown UIInterfaceOrientationLandscapeLeft UIInterfaceOrientationLandscapeRight";
				INFOPLIST_KEY_UISupportedInterfaceOrientations_iPhone = "UIInterfaceOrientationPortrait UIInterfaceOrientationLandscapeLeft UIInterfaceOrientationLandscapeRight";
				LD_RUNPATH_SEARCH_PATHS = (
					"$(inherited)",
					"@executable_path/Frameworks",
				);
				MARKETING_VERSION = 1.0;
				PRODUCT_BUNDLE_IDENTIFIER = com.noosreg.CineTrack;
				PRODUCT_NAME = "$(TARGET_NAME)";
				SWIFT_EMIT_LOC_STRINGS = YES;
				SWIFT_VERSION = 5.0;
				TARGETED_DEVICE_FAMILY = "1,2";
			};
			name = Release;
		};
		654916BD2CE5BC2B0002EC8A /* Debug */ = {
			isa = XCBuildConfiguration;
			baseConfigurationReference = D3342AEECE121951763F4324 /* Pods-CineTrackTests.debug.xcconfig */;
			buildSettings = {
				BUNDLE_LOADER = "$(TEST_HOST)";
				CODE_SIGN_STYLE = Automatic;
				CURRENT_PROJECT_VERSION = 1;
				DEVELOPMENT_TEAM = 626FRPWPF5;
				GENERATE_INFOPLIST_FILE = YES;
				IPHONEOS_DEPLOYMENT_TARGET = 18.1;
				MARKETING_VERSION = 1.0;
				PRODUCT_BUNDLE_IDENTIFIER = com.noosreg.CineTrackTests;
				PRODUCT_NAME = "$(TARGET_NAME)";
				SWIFT_EMIT_LOC_STRINGS = NO;
				SWIFT_VERSION = 5.0;
				TARGETED_DEVICE_FAMILY = "1,2";
				TEST_HOST = "$(BUILT_PRODUCTS_DIR)/CineTrack.app/$(BUNDLE_EXECUTABLE_FOLDER_PATH)/CineTrack";
			};
			name = Debug;
		};
		654916BE2CE5BC2B0002EC8A /* Release */ = {
			isa = XCBuildConfiguration;
			baseConfigurationReference = 0B71FACFB78B879C801D4976 /* Pods-CineTrackTests.release.xcconfig */;
			buildSettings = {
				BUNDLE_LOADER = "$(TEST_HOST)";
				CODE_SIGN_STYLE = Automatic;
				CURRENT_PROJECT_VERSION = 1;
				DEVELOPMENT_TEAM = 626FRPWPF5;
				GENERATE_INFOPLIST_FILE = YES;
				IPHONEOS_DEPLOYMENT_TARGET = 18.1;
				MARKETING_VERSION = 1.0;
				PRODUCT_BUNDLE_IDENTIFIER = com.noosreg.CineTrackTests;
				PRODUCT_NAME = "$(TARGET_NAME)";
				SWIFT_EMIT_LOC_STRINGS = NO;
				SWIFT_VERSION = 5.0;
				TARGETED_DEVICE_FAMILY = "1,2";
				TEST_HOST = "$(BUILT_PRODUCTS_DIR)/CineTrack.app/$(BUNDLE_EXECUTABLE_FOLDER_PATH)/CineTrack";
			};
			name = Release;
		};
		654916C02CE5BC2B0002EC8A /* Debug */ = {
			isa = XCBuildConfiguration;
			baseConfigurationReference = 7DE816C85F69D076B36D2011 /* Pods-CineTrack-CineTrackUITests.debug.xcconfig */;
			buildSettings = {
				CODE_SIGN_STYLE = Automatic;
				CURRENT_PROJECT_VERSION = 1;
				DEVELOPMENT_TEAM = 626FRPWPF5;
				GENERATE_INFOPLIST_FILE = YES;
				MARKETING_VERSION = 1.0;
				PRODUCT_BUNDLE_IDENTIFIER = com.noosreg.CineTrackUITests;
				PRODUCT_NAME = "$(TARGET_NAME)";
				SWIFT_EMIT_LOC_STRINGS = NO;
				SWIFT_VERSION = 5.0;
				TARGETED_DEVICE_FAMILY = "1,2";
				TEST_TARGET_NAME = CineTrack;
			};
			name = Debug;
		};
		654916C12CE5BC2B0002EC8A /* Release */ = {
			isa = XCBuildConfiguration;
			baseConfigurationReference = 617B424AAF034C5CF7078F15 /* Pods-CineTrack-CineTrackUITests.release.xcconfig */;
			buildSettings = {
				CODE_SIGN_STYLE = Automatic;
				CURRENT_PROJECT_VERSION = 1;
				DEVELOPMENT_TEAM = 626FRPWPF5;
				GENERATE_INFOPLIST_FILE = YES;
				MARKETING_VERSION = 1.0;
				PRODUCT_BUNDLE_IDENTIFIER = com.noosreg.CineTrackUITests;
				PRODUCT_NAME = "$(TARGET_NAME)";
				SWIFT_EMIT_LOC_STRINGS = NO;
				SWIFT_VERSION = 5.0;
				TARGETED_DEVICE_FAMILY = "1,2";
				TEST_TARGET_NAME = CineTrack;
			};
			name = Release;
		};
/* End XCBuildConfiguration section */

/* Begin XCConfigurationList section */
		654916902CE5BC250002EC8A /* Build configuration list for PBXProject "CineTrack" */ = {
			isa = XCConfigurationList;
			buildConfigurations = (
				654916B72CE5BC2B0002EC8A /* Debug */,
				654916B82CE5BC2B0002EC8A /* Release */,
			);
			defaultConfigurationIsVisible = 0;
			defaultConfigurationName = Release;
		};
		654916B92CE5BC2B0002EC8A /* Build configuration list for PBXNativeTarget "CineTrack" */ = {
			isa = XCConfigurationList;
			buildConfigurations = (
				654916BA2CE5BC2B0002EC8A /* Debug */,
				654916BB2CE5BC2B0002EC8A /* Release */,
			);
			defaultConfigurationIsVisible = 0;
			defaultConfigurationName = Release;
		};
		654916BC2CE5BC2B0002EC8A /* Build configuration list for PBXNativeTarget "CineTrackTests" */ = {
			isa = XCConfigurationList;
			buildConfigurations = (
				654916BD2CE5BC2B0002EC8A /* Debug */,
				654916BE2CE5BC2B0002EC8A /* Release */,
			);
			defaultConfigurationIsVisible = 0;
			defaultConfigurationName = Release;
		};
		654916BF2CE5BC2B0002EC8A /* Build configuration list for PBXNativeTarget "CineTrackUITests" */ = {
			isa = XCConfigurationList;
			buildConfigurations = (
				654916C02CE5BC2B0002EC8A /* Debug */,
				654916C12CE5BC2B0002EC8A /* Release */,
			);
			defaultConfigurationIsVisible = 0;
			defaultConfigurationName = Release;
		};
/* End XCConfigurationList section */
	};
	rootObject = 6549168D2CE5BC240002EC8A /* Project object */;
}
