// !$*UTF8*$!
{
	archiveVersion = 1;
	classes = {
	};
	objectVersion = 63;
	objects = {

/* Begin PBXBuildFile section */
		650771062D0417E900398DFD /* AuthenticationViewModel.swift in Sources */ = {isa = PBXBuildFile; fileRef = 650771052D0417E900398DFD /* AuthenticationViewModel.swift */; };
		650CF6E02CFEB62100831AC4 /* FirebaseAnalytics in Frameworks */ = {isa = PBXBuildFile; productRef = 650CF6DF2CFEB62100831AC4 /* FirebaseAnalytics */; };
		650CF6E22CFEB62100831AC4 /* FirebaseAnalyticsOnDeviceConversion in Frameworks */ = {isa = PBXBuildFile; productRef = 650CF6E12CFEB62100831AC4 /* FirebaseAnalyticsOnDeviceConversion */; };
		650CF6E42CFEB62100831AC4 /* FirebaseAnalyticsWithoutAdIdSupport in Frameworks */ = {isa = PBXBuildFile; productRef = 650CF6E32CFEB62100831AC4 /* FirebaseAnalyticsWithoutAdIdSupport */; };
		650CF6E62CFEB62100831AC4 /* FirebaseAppCheck in Frameworks */ = {isa = PBXBuildFile; productRef = 650CF6E52CFEB62100831AC4 /* FirebaseAppCheck */; };
		650CF6E82CFEB62100831AC4 /* FirebaseAppDistribution-Beta in Frameworks */ = {isa = PBXBuildFile; productRef = 650CF6E72CFEB62100831AC4 /* FirebaseAppDistribution-Beta */; };
		650CF6EB2CFEE18300831AC4 /* FirebaseAuth in Frameworks */ = {isa = PBXBuildFile; productRef = 650CF6EA2CFEE18300831AC4 /* FirebaseAuth */; };
		650CF6ED2CFEE18A00831AC4 /* FirebaseFirestore in Frameworks */ = {isa = PBXBuildFile; productRef = 650CF6EC2CFEE18A00831AC4 /* FirebaseFirestore */; };
		65151BE52CF1471000FBF91B /* InputView.swift in Sources */ = {isa = PBXBuildFile; fileRef = 65151BE42CF1471000FBF91B /* InputView.swift */; };
		65151BE72CF14DA100FBF91B /* LoginButton.swift in Sources */ = {isa = PBXBuildFile; fileRef = 65151BE62CF14DA100FBF91B /* LoginButton.swift */; };
		651635C92CE961420003AE27 /* Preview Assets.xcassets in Resources */ = {isa = PBXBuildFile; fileRef = 651635C32CE961420003AE27 /* Preview Assets.xcassets */; };
		651635CA2CE961420003AE27 /* Assets.xcassets in Resources */ = {isa = PBXBuildFile; fileRef = 651635C52CE961420003AE27 /* Assets.xcassets */; };
		651635CF2CE961B20003AE27 /* CineTrackTests.swift in Sources */ = {isa = PBXBuildFile; fileRef = 651635CD2CE961B20003AE27 /* CineTrackTests.swift */; };
		651635D32CE961B60003AE27 /* CineTrackUITests.swift in Sources */ = {isa = PBXBuildFile; fileRef = 651635D02CE961B60003AE27 /* CineTrackUITests.swift */; };
		651635D42CE961B60003AE27 /* CineTrackUITestsLaunchTests.swift in Sources */ = {isa = PBXBuildFile; fileRef = 651635D12CE961B60003AE27 /* CineTrackUITestsLaunchTests.swift */; };
		65376B412CF8495C00A3FCDD /* AppPages.swift in Sources */ = {isa = PBXBuildFile; fileRef = 65376B402CF8495C00A3FCDD /* AppPages.swift */; };
		65376B432CF84CC000A3FCDD /* Coordinator.swift in Sources */ = {isa = PBXBuildFile; fileRef = 65376B422CF84CC000A3FCDD /* Coordinator.swift */; };
		65376B452CF84F7400A3FCDD /* CoordinatorApp.swift in Sources */ = {isa = PBXBuildFile; fileRef = 65376B442CF84F7400A3FCDD /* CoordinatorApp.swift */; };
		65376B472CF84FB500A3FCDD /* CoordinatorView.swift in Sources */ = {isa = PBXBuildFile; fileRef = 65376B462CF84FB500A3FCDD /* CoordinatorView.swift */; };
		65576E9E2D04F65B00865585 /* UserDB.swift in Sources */ = {isa = PBXBuildFile; fileRef = 65576E9D2D04F65B00865585 /* UserDB.swift */; };
		65576EA12D050F1100865585 /* UserManager.swift in Sources */ = {isa = PBXBuildFile; fileRef = 65576EA02D050F1100865585 /* UserManager.swift */; };
		65608CD12CFD8A4F00F5D6DC /* GoogleService-Info.plist in Resources */ = {isa = PBXBuildFile; fileRef = 65608CD02CFD8A4F00F5D6DC /* GoogleService-Info.plist */; };
		65608CD42CFD8BF700F5D6DC /* AppDelegate.swift in Sources */ = {isa = PBXBuildFile; fileRef = 65608CD32CFD8BF700F5D6DC /* AppDelegate.swift */; };
		65608CD72CFD8E9E00F5D6DC /* GoogleSignIn in Frameworks */ = {isa = PBXBuildFile; productRef = 65608CD62CFD8E9E00F5D6DC /* GoogleSignIn */; };
		65608CD92CFD8E9E00F5D6DC /* GoogleSignInSwift in Frameworks */ = {isa = PBXBuildFile; productRef = 65608CD82CFD8E9E00F5D6DC /* GoogleSignInSwift */; };
		65608CDC2CFD94C600F5D6DC /* Ultilities.swift in Sources */ = {isa = PBXBuildFile; fileRef = 65608CDB2CFD94C600F5D6DC /* Ultilities.swift */; };
		6587D90C2CF2B7E800EDCE86 /* LoginView.swift in Sources */ = {isa = PBXBuildFile; fileRef = 6587D90B2CF2B7E800EDCE86 /* LoginView.swift */; };
		65988BF52CFE9DCB0042CC5F /* AuthenticationManager.swift in Sources */ = {isa = PBXBuildFile; fileRef = 65988BF42CFE9DCB0042CC5F /* AuthenticationManager.swift */; };
		65988BF82CFEA0950042CC5F /* FirebaseAnalytics in Frameworks */ = {isa = PBXBuildFile; productRef = 65988BF72CFEA0950042CC5F /* FirebaseAnalytics */; };
		65988BFA2CFEA0950042CC5F /* FirebaseAnalyticsOnDeviceConversion in Frameworks */ = {isa = PBXBuildFile; productRef = 65988BF92CFEA0950042CC5F /* FirebaseAnalyticsOnDeviceConversion */; };
		65988BFC2CFEA0950042CC5F /* FirebaseAnalyticsWithoutAdIdSupport in Frameworks */ = {isa = PBXBuildFile; productRef = 65988BFB2CFEA0950042CC5F /* FirebaseAnalyticsWithoutAdIdSupport */; };
		65988BFE2CFEA0950042CC5F /* FirebaseAppCheck in Frameworks */ = {isa = PBXBuildFile; productRef = 65988BFD2CFEA0950042CC5F /* FirebaseAppCheck */; };
		65988C002CFEA0950042CC5F /* FirebaseAppDistribution-Beta in Frameworks */ = {isa = PBXBuildFile; productRef = 65988BFF2CFEA0950042CC5F /* FirebaseAppDistribution-Beta */; };
		65A3CF052CEEF85700D8A77A /* Extension+View.swift in Sources */ = {isa = PBXBuildFile; fileRef = 65A3CF042CEEF85700D8A77A /* Extension+View.swift */; };
		65A3CF0A2CEEFE3F00D8A77A /* SecondButton.swift in Sources */ = {isa = PBXBuildFile; fileRef = 65A3CF092CEEFE3F00D8A77A /* SecondButton.swift */; };
		65C51E472CF6E3DE00FAB826 /* User.swift in Sources */ = {isa = PBXBuildFile; fileRef = 65C51E462CF6E3DE00FAB826 /* User.swift */; };
		65C51E492CF6E58100FAB826 /* ProfileView.swift in Sources */ = {isa = PBXBuildFile; fileRef = 65C51E482CF6E58100FAB826 /* ProfileView.swift */; };
		65D048882D0643EC0048A54C /* UserSessionManager.swift in Sources */ = {isa = PBXBuildFile; fileRef = 65D048872D0643EC0048A54C /* UserSessionManager.swift */; };
		65D7DDF32D02C47C00F627FE /* UserViewData.swift in Sources */ = {isa = PBXBuildFile; fileRef = 65D7DDF22D02C47C00F627FE /* UserViewData.swift */; };
		65D7DDF62D02CF6F00F627FE /* GoogleSignInResultModel.swift in Sources */ = {isa = PBXBuildFile; fileRef = 65D7DDF52D02CF6F00F627FE /* GoogleSignInResultModel.swift */; };
		65D7DDF82D02CFDB00F627FE /* SignInGoogleHelper.swift in Sources */ = {isa = PBXBuildFile; fileRef = 65D7DDF72D02CFDB00F627FE /* SignInGoogleHelper.swift */; };
		65D7DDFA2D02D1AB00F627FE /* AuthProviders.swift in Sources */ = {isa = PBXBuildFile; fileRef = 65D7DDF92D02D1AB00F627FE /* AuthProviders.swift */; };
		65D7DDFD2D02D46700F627FE /* AuthenticationProtocol.swift in Sources */ = {isa = PBXBuildFile; fileRef = 65D7DDFC2D02D46700F627FE /* AuthenticationProtocol.swift */; };
		65D7DDFF2D02D49E00F627FE /* Authentication+Email.swift in Sources */ = {isa = PBXBuildFile; fileRef = 65D7DDFE2D02D49E00F627FE /* Authentication+Email.swift */; };
		65D7DE012D02D4E800F627FE /* Authentication+SSO.swift in Sources */ = {isa = PBXBuildFile; fileRef = 65D7DE002D02D4E800F627FE /* Authentication+SSO.swift */; };
		65D8C0C12CF2CD670056019F /* RegistrationView.swift in Sources */ = {isa = PBXBuildFile; fileRef = 65D8C0C02CF2CD670056019F /* RegistrationView.swift */; };
		65E7A9F62CFD473800268444 /* LocalizedString.swift in Sources */ = {isa = PBXBuildFile; fileRef = 65E7A9F52CFD473800268444 /* LocalizedString.swift */; };
		65E8F2132CEF147C008CF29D /* AuthViewModel.swift in Sources */ = {isa = PBXBuildFile; fileRef = 65E8F2122CEF147C008CF29D /* AuthViewModel.swift */; };
		65F816172CFCAD8A0064EB26 /* extension+AuthViewModel.swift in Sources */ = {isa = PBXBuildFile; fileRef = 65F816162CFCAD8A0064EB26 /* extension+AuthViewModel.swift */; };
/* End PBXBuildFile section */

/* Begin PBXContainerItemProxy section */
		65C9F0702CE95EEC00805858 /* PBXContainerItemProxy */ = {
			isa = PBXContainerItemProxy;
			containerPortal = 65C9F0572CE95EE900805858 /* Project object */;
			proxyType = 1;
			remoteGlobalIDString = 65C9F05E2CE95EE900805858;
			remoteInfo = CineTrack;
		};
		65C9F07A2CE95EED00805858 /* PBXContainerItemProxy */ = {
			isa = PBXContainerItemProxy;
			containerPortal = 65C9F0572CE95EE900805858 /* Project object */;
			proxyType = 1;
			remoteGlobalIDString = 65C9F05E2CE95EE900805858;
			remoteInfo = CineTrack;
		};
/* End PBXContainerItemProxy section */

/* Begin PBXFileReference section */
		650771052D0417E900398DFD /* AuthenticationViewModel.swift */ = {isa = PBXFileReference; lastKnownFileType = sourcecode.swift; path = AuthenticationViewModel.swift; sourceTree = "<group>"; };
		65151BE42CF1471000FBF91B /* InputView.swift */ = {isa = PBXFileReference; lastKnownFileType = sourcecode.swift; path = InputView.swift; sourceTree = "<group>"; };
		65151BE62CF14DA100FBF91B /* LoginButton.swift */ = {isa = PBXFileReference; lastKnownFileType = sourcecode.swift; path = LoginButton.swift; sourceTree = "<group>"; };
		651635C32CE961420003AE27 /* Preview Assets.xcassets */ = {isa = PBXFileReference; lastKnownFileType = folder.assetcatalog; path = "Preview Assets.xcassets"; sourceTree = "<group>"; };
		651635C52CE961420003AE27 /* Assets.xcassets */ = {isa = PBXFileReference; lastKnownFileType = folder.assetcatalog; path = Assets.xcassets; sourceTree = "<group>"; };
		651635CD2CE961B20003AE27 /* CineTrackTests.swift */ = {isa = PBXFileReference; lastKnownFileType = sourcecode.swift; path = CineTrackTests.swift; sourceTree = "<group>"; };
		651635D02CE961B60003AE27 /* CineTrackUITests.swift */ = {isa = PBXFileReference; lastKnownFileType = sourcecode.swift; path = CineTrackUITests.swift; sourceTree = "<group>"; };
		651635D12CE961B60003AE27 /* CineTrackUITestsLaunchTests.swift */ = {isa = PBXFileReference; lastKnownFileType = sourcecode.swift; path = CineTrackUITestsLaunchTests.swift; sourceTree = "<group>"; };
		65376B402CF8495C00A3FCDD /* AppPages.swift */ = {isa = PBXFileReference; lastKnownFileType = sourcecode.swift; path = AppPages.swift; sourceTree = "<group>"; };
		65376B422CF84CC000A3FCDD /* Coordinator.swift */ = {isa = PBXFileReference; lastKnownFileType = sourcecode.swift; path = Coordinator.swift; sourceTree = "<group>"; };
		65376B442CF84F7400A3FCDD /* CoordinatorApp.swift */ = {isa = PBXFileReference; lastKnownFileType = sourcecode.swift; path = CoordinatorApp.swift; sourceTree = "<group>"; };
		65376B462CF84FB500A3FCDD /* CoordinatorView.swift */ = {isa = PBXFileReference; lastKnownFileType = sourcecode.swift; path = CoordinatorView.swift; sourceTree = "<group>"; };
		65576E9D2D04F65B00865585 /* UserDB.swift */ = {isa = PBXFileReference; lastKnownFileType = sourcecode.swift; path = UserDB.swift; sourceTree = "<group>"; };
		65576EA02D050F1100865585 /* UserManager.swift */ = {isa = PBXFileReference; lastKnownFileType = sourcecode.swift; path = UserManager.swift; sourceTree = "<group>"; };
		65608CCF2CFD893400F5D6DC /* Info.plist */ = {isa = PBXFileReference; lastKnownFileType = text.plist.xml; path = Info.plist; sourceTree = "<group>"; };
		65608CD02CFD8A4F00F5D6DC /* GoogleService-Info.plist */ = {isa = PBXFileReference; lastKnownFileType = text.plist.xml; path = "GoogleService-Info.plist"; sourceTree = "<group>"; };
		65608CD32CFD8BF700F5D6DC /* AppDelegate.swift */ = {isa = PBXFileReference; lastKnownFileType = sourcecode.swift; path = AppDelegate.swift; sourceTree = "<group>"; };
		65608CDB2CFD94C600F5D6DC /* Ultilities.swift */ = {isa = PBXFileReference; lastKnownFileType = sourcecode.swift; path = Ultilities.swift; sourceTree = "<group>"; };
		6587D90B2CF2B7E800EDCE86 /* LoginView.swift */ = {isa = PBXFileReference; lastKnownFileType = sourcecode.swift; path = LoginView.swift; sourceTree = "<group>"; };
		65988BF42CFE9DCB0042CC5F /* AuthenticationManager.swift */ = {isa = PBXFileReference; lastKnownFileType = sourcecode.swift; path = AuthenticationManager.swift; sourceTree = "<group>"; };
		65A3CF042CEEF85700D8A77A /* Extension+View.swift */ = {isa = PBXFileReference; lastKnownFileType = sourcecode.swift; path = "Extension+View.swift"; sourceTree = "<group>"; };
		65A3CF092CEEFE3F00D8A77A /* SecondButton.swift */ = {isa = PBXFileReference; lastKnownFileType = sourcecode.swift; path = SecondButton.swift; sourceTree = "<group>"; };
		65C51E462CF6E3DE00FAB826 /* User.swift */ = {isa = PBXFileReference; lastKnownFileType = sourcecode.swift; path = User.swift; sourceTree = "<group>"; };
		65C51E482CF6E58100FAB826 /* ProfileView.swift */ = {isa = PBXFileReference; lastKnownFileType = sourcecode.swift; path = ProfileView.swift; sourceTree = "<group>"; };
		65C9F05F2CE95EE900805858 /* CineTrack.app */ = {isa = PBXFileReference; explicitFileType = wrapper.application; includeInIndex = 0; path = CineTrack.app; sourceTree = BUILT_PRODUCTS_DIR; };
		65C9F06F2CE95EEC00805858 /* CineTrackTests.xctest */ = {isa = PBXFileReference; explicitFileType = wrapper.cfbundle; includeInIndex = 0; path = CineTrackTests.xctest; sourceTree = BUILT_PRODUCTS_DIR; };
		65C9F0792CE95EED00805858 /* CineTrackUITests.xctest */ = {isa = PBXFileReference; explicitFileType = wrapper.cfbundle; includeInIndex = 0; path = CineTrackUITests.xctest; sourceTree = BUILT_PRODUCTS_DIR; };
		65D048872D0643EC0048A54C /* UserSessionManager.swift */ = {isa = PBXFileReference; lastKnownFileType = sourcecode.swift; path = UserSessionManager.swift; sourceTree = "<group>"; };
		65D7DDF22D02C47C00F627FE /* UserViewData.swift */ = {isa = PBXFileReference; lastKnownFileType = sourcecode.swift; path = UserViewData.swift; sourceTree = "<group>"; };
		65D7DDF52D02CF6F00F627FE /* GoogleSignInResultModel.swift */ = {isa = PBXFileReference; lastKnownFileType = sourcecode.swift; path = GoogleSignInResultModel.swift; sourceTree = "<group>"; };
		65D7DDF72D02CFDB00F627FE /* SignInGoogleHelper.swift */ = {isa = PBXFileReference; lastKnownFileType = sourcecode.swift; path = SignInGoogleHelper.swift; sourceTree = "<group>"; };
		65D7DDF92D02D1AB00F627FE /* AuthProviders.swift */ = {isa = PBXFileReference; lastKnownFileType = sourcecode.swift; path = AuthProviders.swift; sourceTree = "<group>"; };
		65D7DDFC2D02D46700F627FE /* AuthenticationProtocol.swift */ = {isa = PBXFileReference; lastKnownFileType = sourcecode.swift; path = AuthenticationProtocol.swift; sourceTree = "<group>"; };
		65D7DDFE2D02D49E00F627FE /* Authentication+Email.swift */ = {isa = PBXFileReference; lastKnownFileType = sourcecode.swift; path = "Authentication+Email.swift"; sourceTree = "<group>"; };
		65D7DE002D02D4E800F627FE /* Authentication+SSO.swift */ = {isa = PBXFileReference; lastKnownFileType = sourcecode.swift; path = "Authentication+SSO.swift"; sourceTree = "<group>"; };
		65D8C0C02CF2CD670056019F /* RegistrationView.swift */ = {isa = PBXFileReference; lastKnownFileType = sourcecode.swift; path = RegistrationView.swift; sourceTree = "<group>"; };
		65E7A9F52CFD473800268444 /* LocalizedString.swift */ = {isa = PBXFileReference; lastKnownFileType = sourcecode.swift; path = LocalizedString.swift; sourceTree = "<group>"; };
		65E8F2122CEF147C008CF29D /* AuthViewModel.swift */ = {isa = PBXFileReference; lastKnownFileType = sourcecode.swift; path = AuthViewModel.swift; sourceTree = "<group>"; };
		65F816162CFCAD8A0064EB26 /* extension+AuthViewModel.swift */ = {isa = PBXFileReference; lastKnownFileType = sourcecode.swift; path = "extension+AuthViewModel.swift"; sourceTree = "<group>"; };
/* End PBXFileReference section */

/* Begin PBXFrameworksBuildPhase section */
		65C9F05C2CE95EE900805858 /* Frameworks */ = {
			isa = PBXFrameworksBuildPhase;
			buildActionMask = 2147483647;
			files = (
				65608CD92CFD8E9E00F5D6DC /* GoogleSignInSwift in Frameworks */,
				650CF6E42CFEB62100831AC4 /* FirebaseAnalyticsWithoutAdIdSupport in Frameworks */,
				65988BFC2CFEA0950042CC5F /* FirebaseAnalyticsWithoutAdIdSupport in Frameworks */,
				650CF6E02CFEB62100831AC4 /* FirebaseAnalytics in Frameworks */,
				65988BFA2CFEA0950042CC5F /* FirebaseAnalyticsOnDeviceConversion in Frameworks */,
				650CF6E22CFEB62100831AC4 /* FirebaseAnalyticsOnDeviceConversion in Frameworks */,
				65988BFE2CFEA0950042CC5F /* FirebaseAppCheck in Frameworks */,
				65988BF82CFEA0950042CC5F /* FirebaseAnalytics in Frameworks */,
				65608CD72CFD8E9E00F5D6DC /* GoogleSignIn in Frameworks */,
				65988C002CFEA0950042CC5F /* FirebaseAppDistribution-Beta in Frameworks */,
				650CF6EB2CFEE18300831AC4 /* FirebaseAuth in Frameworks */,
				650CF6E62CFEB62100831AC4 /* FirebaseAppCheck in Frameworks */,
				650CF6E82CFEB62100831AC4 /* FirebaseAppDistribution-Beta in Frameworks */,
				650CF6ED2CFEE18A00831AC4 /* FirebaseFirestore in Frameworks */,
			);
			runOnlyForDeploymentPostprocessing = 0;
		};
		65C9F06C2CE95EEC00805858 /* Frameworks */ = {
			isa = PBXFrameworksBuildPhase;
			buildActionMask = 2147483647;
			files = (
			);
			runOnlyForDeploymentPostprocessing = 0;
		};
		65C9F0762CE95EED00805858 /* Frameworks */ = {
			isa = PBXFrameworksBuildPhase;
			buildActionMask = 2147483647;
			files = (
			);
			runOnlyForDeploymentPostprocessing = 0;
		};
/* End PBXFrameworksBuildPhase section */

/* Begin PBXGroup section */
		65020E182CEE95D3009D148F /* Authentication */ = {
			isa = PBXGroup;
			children = (
				65D7DDFB2D02D43F00F627FE /* Protocol */,
				65988BF22CFE9D800042CC5F /* Service */,
				65020E202CEE9936009D148F /* Model */,
				65020E1E2CEE9916009D148F /* View */,
				65020E1F2CEE9922009D148F /* ViewModel */,
				65D7DDF72D02CFDB00F627FE /* SignInGoogleHelper.swift */,
			);
			path = Authentication;
			sourceTree = "<group>";
		};
		65020E192CEE95DE009D148F /* Firebase */ = {
			isa = PBXGroup;
			children = (
				65608CD02CFD8A4F00F5D6DC /* GoogleService-Info.plist */,
			);
			path = Firebase;
			sourceTree = "<group>";
		};
		65020E1E2CEE9916009D148F /* View */ = {
			isa = PBXGroup;
			children = (
				6587D90B2CF2B7E800EDCE86 /* LoginView.swift */,
				65D8C0C02CF2CD670056019F /* RegistrationView.swift */,
				65C51E482CF6E58100FAB826 /* ProfileView.swift */,
			);
			path = View;
			sourceTree = "<group>";
		};
		65020E1F2CEE9922009D148F /* ViewModel */ = {
			isa = PBXGroup;
			children = (
				65D7DDF42D02C7C700F627FE /* ViewData */,
				65E8F2122CEF147C008CF29D /* AuthViewModel.swift */,
				65F816162CFCAD8A0064EB26 /* extension+AuthViewModel.swift */,
				650771052D0417E900398DFD /* AuthenticationViewModel.swift */,
			);
			path = ViewModel;
			sourceTree = "<group>";
		};
		65020E202CEE9936009D148F /* Model */ = {
			isa = PBXGroup;
			children = (
				65C51E462CF6E3DE00FAB826 /* User.swift */,
				65D7DDF52D02CF6F00F627FE /* GoogleSignInResultModel.swift */,
				65D7DDF92D02D1AB00F627FE /* AuthProviders.swift */,
			);
			path = Model;
			sourceTree = "<group>";
		};
		650CF6E92CFEE18200831AC4 /* Frameworks */ = {
			isa = PBXGroup;
			children = (
			);
			name = Frameworks;
			sourceTree = "<group>";
		};
		651635C42CE961420003AE27 /* Preview Content */ = {
			isa = PBXGroup;
			children = (
				651635C32CE961420003AE27 /* Preview Assets.xcassets */,
			);
			path = "Preview Content";
			sourceTree = "<group>";
		};
		651635C82CE961420003AE27 /* CineTrack */ = {
			isa = PBXGroup;
			children = (
				65376B3F2CF8493700A3FCDD /* Coordinator */,
				65D048862D0643D20048A54C /* UserManager */,
				65576E9A2D04F61F00865585 /* Firestone */,
				65608CDA2CFD94A200F5D6DC /* Utilities */,
				658706422CF41EBE00548112 /* Core */,
				65608CD22CFD8B4B00F5D6DC /* CineTrack-MVVM */,
			);
			path = CineTrack;
			sourceTree = "<group>";
		};
		651635CE2CE961B20003AE27 /* CineTrackTests */ = {
			isa = PBXGroup;
			children = (
				651635CD2CE961B20003AE27 /* CineTrackTests.swift */,
			);
			path = CineTrackTests;
			sourceTree = "<group>";
		};
		651635D22CE961B60003AE27 /* CineTrackUITests */ = {
			isa = PBXGroup;
			children = (
				651635D02CE961B60003AE27 /* CineTrackUITests.swift */,
				651635D12CE961B60003AE27 /* CineTrackUITestsLaunchTests.swift */,
			);
			path = CineTrackUITests;
			sourceTree = "<group>";
		};
		65376B3F2CF8493700A3FCDD /* Coordinator */ = {
			isa = PBXGroup;
			children = (
				65376B402CF8495C00A3FCDD /* AppPages.swift */,
				65376B422CF84CC000A3FCDD /* Coordinator.swift */,
				65376B442CF84F7400A3FCDD /* CoordinatorApp.swift */,
				65376B462CF84FB500A3FCDD /* CoordinatorView.swift */,
			);
			path = Coordinator;
			sourceTree = "<group>";
		};
		65576E9A2D04F61F00865585 /* Firestone */ = {
			isa = PBXGroup;
			children = (
				65576E9F2D050F0600865585 /* Manager */,
				65576E9B2D04F62C00865585 /* Model */,
			);
			path = Firestone;
			sourceTree = "<group>";
		};
		65576E9B2D04F62C00865585 /* Model */ = {
			isa = PBXGroup;
			children = (
				65576E9D2D04F65B00865585 /* UserDB.swift */,
			);
			path = Model;
			sourceTree = "<group>";
		};
		65576E9F2D050F0600865585 /* Manager */ = {
			isa = PBXGroup;
			children = (
				65576EA02D050F1100865585 /* UserManager.swift */,
			);
			path = Manager;
			sourceTree = "<group>";
		};
		65608CD22CFD8B4B00F5D6DC /* CineTrack-MVVM */ = {
			isa = PBXGroup;
			children = (
				65020E182CEE95D3009D148F /* Authentication */,
			);
			path = "CineTrack-MVVM";
			sourceTree = "<group>";
		};
		65608CDA2CFD94A200F5D6DC /* Utilities */ = {
			isa = PBXGroup;
			children = (
				65A3CF012CEEF82100D8A77A /* Extension */,
				65A3CF082CEEFE2C00D8A77A /* Components */,
				65608CDB2CFD94C600F5D6DC /* Ultilities.swift */,
			);
			path = Utilities;
			sourceTree = "<group>";
		};
		658706422CF41EBE00548112 /* Core */ = {
			isa = PBXGroup;
			children = (
				65020E192CEE95DE009D148F /* Firebase */,
				651635C42CE961420003AE27 /* Preview Content */,
				65608CCF2CFD893400F5D6DC /* Info.plist */,
				651635C52CE961420003AE27 /* Assets.xcassets */,
				65608CD32CFD8BF700F5D6DC /* AppDelegate.swift */,
			);
			path = Core;
			sourceTree = "<group>";
		};
		65988BF22CFE9D800042CC5F /* Service */ = {
			isa = PBXGroup;
			children = (
				65988BF42CFE9DCB0042CC5F /* AuthenticationManager.swift */,
				65D7DDFE2D02D49E00F627FE /* Authentication+Email.swift */,
				65D7DE002D02D4E800F627FE /* Authentication+SSO.swift */,
			);
			path = Service;
			sourceTree = "<group>";
		};
		65A3CF012CEEF82100D8A77A /* Extension */ = {
			isa = PBXGroup;
			children = (
				65A3CF042CEEF85700D8A77A /* Extension+View.swift */,
			);
			path = Extension;
			sourceTree = "<group>";
		};
		65A3CF082CEEFE2C00D8A77A /* Components */ = {
			isa = PBXGroup;
			children = (
				65A3CF092CEEFE3F00D8A77A /* SecondButton.swift */,
				65151BE42CF1471000FBF91B /* InputView.swift */,
				65151BE62CF14DA100FBF91B /* LoginButton.swift */,
				65E7A9F52CFD473800268444 /* LocalizedString.swift */,
			);
			path = Components;
			sourceTree = "<group>";
		};
		65C9F0562CE95EE900805858 = {
			isa = PBXGroup;
			children = (
				651635C82CE961420003AE27 /* CineTrack */,
				651635CE2CE961B20003AE27 /* CineTrackTests */,
				651635D22CE961B60003AE27 /* CineTrackUITests */,
				650CF6E92CFEE18200831AC4 /* Frameworks */,
				65C9F0602CE95EE900805858 /* Products */,
			);
			sourceTree = "<group>";
		};
		65C9F0602CE95EE900805858 /* Products */ = {
			isa = PBXGroup;
			children = (
				65C9F05F2CE95EE900805858 /* CineTrack.app */,
				65C9F06F2CE95EEC00805858 /* CineTrackTests.xctest */,
				65C9F0792CE95EED00805858 /* CineTrackUITests.xctest */,
			);
			name = Products;
			sourceTree = "<group>";
		};
		65D048862D0643D20048A54C /* UserManager */ = {
			isa = PBXGroup;
			children = (
				65D048872D0643EC0048A54C /* UserSessionManager.swift */,
			);
			path = UserManager;
			sourceTree = "<group>";
		};
		65D7DDF42D02C7C700F627FE /* ViewData */ = {
			isa = PBXGroup;
			children = (
				65D7DDF22D02C47C00F627FE /* UserViewData.swift */,
			);
			path = ViewData;
			sourceTree = "<group>";
		};
		65D7DDFB2D02D43F00F627FE /* Protocol */ = {
			isa = PBXGroup;
			children = (
				65D7DDFC2D02D46700F627FE /* AuthenticationProtocol.swift */,
			);
			path = Protocol;
			sourceTree = "<group>";
		};
/* End PBXGroup section */

/* Begin PBXNativeTarget section */
		65C9F05E2CE95EE900805858 /* CineTrack */ = {
			isa = PBXNativeTarget;
			buildConfigurationList = 65C9F0832CE95EED00805858 /* Build configuration list for PBXNativeTarget "CineTrack" */;
			buildPhases = (
				65C9F05B2CE95EE900805858 /* Sources */,
				65C9F05C2CE95EE900805858 /* Frameworks */,
				65C9F05D2CE95EE900805858 /* Resources */,
			);
			buildRules = (
			);
			dependencies = (
			);
			name = CineTrack;
			productName = CineTrack;
			productReference = 65C9F05F2CE95EE900805858 /* CineTrack.app */;
			productType = "com.apple.product-type.application";
		};
		65C9F06E2CE95EEC00805858 /* CineTrackTests */ = {
			isa = PBXNativeTarget;
			buildConfigurationList = 65C9F0862CE95EED00805858 /* Build configuration list for PBXNativeTarget "CineTrackTests" */;
			buildPhases = (
				65C9F06B2CE95EEC00805858 /* Sources */,
				65C9F06C2CE95EEC00805858 /* Frameworks */,
				65C9F06D2CE95EEC00805858 /* Resources */,
			);
			buildRules = (
			);
			dependencies = (
				65C9F0712CE95EEC00805858 /* PBXTargetDependency */,
			);
			name = CineTrackTests;
			productName = CineTrackTests;
			productReference = 65C9F06F2CE95EEC00805858 /* CineTrackTests.xctest */;
			productType = "com.apple.product-type.bundle.unit-test";
		};
		65C9F0782CE95EED00805858 /* CineTrackUITests */ = {
			isa = PBXNativeTarget;
			buildConfigurationList = 65C9F0892CE95EED00805858 /* Build configuration list for PBXNativeTarget "CineTrackUITests" */;
			buildPhases = (
				65C9F0752CE95EED00805858 /* Sources */,
				65C9F0762CE95EED00805858 /* Frameworks */,
				65C9F0772CE95EED00805858 /* Resources */,
			);
			buildRules = (
			);
			dependencies = (
				65C9F07B2CE95EED00805858 /* PBXTargetDependency */,
			);
			name = CineTrackUITests;
			productName = CineTrackUITests;
			productReference = 65C9F0792CE95EED00805858 /* CineTrackUITests.xctest */;
			productType = "com.apple.product-type.bundle.ui-testing";
		};
/* End PBXNativeTarget section */

/* Begin PBXProject section */
		65C9F0572CE95EE900805858 /* Project object */ = {
			isa = PBXProject;
			attributes = {
				BuildIndependentTargetsInParallel = 1;
				LastSwiftUpdateCheck = 1610;
				LastUpgradeCheck = 1610;
				TargetAttributes = {
					65C9F05E2CE95EE900805858 = {
						CreatedOnToolsVersion = 16.1;
					};
					65C9F06E2CE95EEC00805858 = {
						CreatedOnToolsVersion = 16.1;
						TestTargetID = 65C9F05E2CE95EE900805858;
					};
					65C9F0782CE95EED00805858 = {
						CreatedOnToolsVersion = 16.1;
						TestTargetID = 65C9F05E2CE95EE900805858;
					};
				};
			};
			buildConfigurationList = 65C9F05A2CE95EE900805858 /* Build configuration list for PBXProject "CineTrack" */;
			compatibilityVersion = "Xcode 14.0";
			developmentRegion = en;
			hasScannedForEncodings = 0;
			knownRegions = (
				en,
				Base,
			);
			mainGroup = 65C9F0562CE95EE900805858;
			minimizedProjectReferenceProxies = 1;
			packageReferences = (
				65608CD52CFD8E9E00F5D6DC /* XCRemoteSwiftPackageReference "GoogleSignIn-iOS" */,
				65988BF62CFEA0950042CC5F /* XCRemoteSwiftPackageReference "firebase-ios-sdk" */,
			);
			productRefGroup = 65C9F0602CE95EE900805858 /* Products */;
			projectDirPath = "";
			projectRoot = "";
			targets = (
				65C9F05E2CE95EE900805858 /* CineTrack */,
				65C9F06E2CE95EEC00805858 /* CineTrackTests */,
				65C9F0782CE95EED00805858 /* CineTrackUITests */,
			);
		};
/* End PBXProject section */

/* Begin PBXResourcesBuildPhase section */
		65C9F05D2CE95EE900805858 /* Resources */ = {
			isa = PBXResourcesBuildPhase;
			buildActionMask = 2147483647;
			files = (
				651635C92CE961420003AE27 /* Preview Assets.xcassets in Resources */,
				65608CD12CFD8A4F00F5D6DC /* GoogleService-Info.plist in Resources */,
				651635CA2CE961420003AE27 /* Assets.xcassets in Resources */,
			);
			runOnlyForDeploymentPostprocessing = 0;
		};
		65C9F06D2CE95EEC00805858 /* Resources */ = {
			isa = PBXResourcesBuildPhase;
			buildActionMask = 2147483647;
			files = (
			);
			runOnlyForDeploymentPostprocessing = 0;
		};
		65C9F0772CE95EED00805858 /* Resources */ = {
			isa = PBXResourcesBuildPhase;
			buildActionMask = 2147483647;
			files = (
			);
			runOnlyForDeploymentPostprocessing = 0;
		};
/* End PBXResourcesBuildPhase section */

/* Begin PBXSourcesBuildPhase section */
		65C9F05B2CE95EE900805858 /* Sources */ = {
			isa = PBXSourcesBuildPhase;
			buildActionMask = 2147483647;
			files = (
				650771062D0417E900398DFD /* AuthenticationViewModel.swift in Sources */,
				65F816172CFCAD8A0064EB26 /* extension+AuthViewModel.swift in Sources */,
				65576EA12D050F1100865585 /* UserManager.swift in Sources */,
				65D7DDFD2D02D46700F627FE /* AuthenticationProtocol.swift in Sources */,
				65D048882D0643EC0048A54C /* UserSessionManager.swift in Sources */,
				65376B452CF84F7400A3FCDD /* CoordinatorApp.swift in Sources */,
				65376B412CF8495C00A3FCDD /* AppPages.swift in Sources */,
				65D7DDF62D02CF6F00F627FE /* GoogleSignInResultModel.swift in Sources */,
				65576E9E2D04F65B00865585 /* UserDB.swift in Sources */,
				65988BF52CFE9DCB0042CC5F /* AuthenticationManager.swift in Sources */,
				65D7DE012D02D4E800F627FE /* Authentication+SSO.swift in Sources */,
				65D7DDF82D02CFDB00F627FE /* SignInGoogleHelper.swift in Sources */,
				65151BE72CF14DA100FBF91B /* LoginButton.swift in Sources */,
				65D8C0C12CF2CD670056019F /* RegistrationView.swift in Sources */,
				65E7A9F62CFD473800268444 /* LocalizedString.swift in Sources */,
				65A3CF0A2CEEFE3F00D8A77A /* SecondButton.swift in Sources */,
				65D7DDF32D02C47C00F627FE /* UserViewData.swift in Sources */,
				65C51E472CF6E3DE00FAB826 /* User.swift in Sources */,
				65608CDC2CFD94C600F5D6DC /* Ultilities.swift in Sources */,
				65D7DDFA2D02D1AB00F627FE /* AuthProviders.swift in Sources */,
				65376B432CF84CC000A3FCDD /* Coordinator.swift in Sources */,
				65C51E492CF6E58100FAB826 /* ProfileView.swift in Sources */,
				65E8F2132CEF147C008CF29D /* AuthViewModel.swift in Sources */,
				65A3CF052CEEF85700D8A77A /* Extension+View.swift in Sources */,
				65151BE52CF1471000FBF91B /* InputView.swift in Sources */,
				65D7DDFF2D02D49E00F627FE /* Authentication+Email.swift in Sources */,
				6587D90C2CF2B7E800EDCE86 /* LoginView.swift in Sources */,
				65608CD42CFD8BF700F5D6DC /* AppDelegate.swift in Sources */,
				65376B472CF84FB500A3FCDD /* CoordinatorView.swift in Sources */,
			);
			runOnlyForDeploymentPostprocessing = 0;
		};
		65C9F06B2CE95EEC00805858 /* Sources */ = {
			isa = PBXSourcesBuildPhase;
			buildActionMask = 2147483647;
			files = (
				651635CF2CE961B20003AE27 /* CineTrackTests.swift in Sources */,
			);
			runOnlyForDeploymentPostprocessing = 0;
		};
		65C9F0752CE95EED00805858 /* Sources */ = {
			isa = PBXSourcesBuildPhase;
			buildActionMask = 2147483647;
			files = (
				651635D32CE961B60003AE27 /* CineTrackUITests.swift in Sources */,
				651635D42CE961B60003AE27 /* CineTrackUITestsLaunchTests.swift in Sources */,
			);
			runOnlyForDeploymentPostprocessing = 0;
		};
/* End PBXSourcesBuildPhase section */

/* Begin PBXTargetDependency section */
		65C9F0712CE95EEC00805858 /* PBXTargetDependency */ = {
			isa = PBXTargetDependency;
			target = 65C9F05E2CE95EE900805858 /* CineTrack */;
			targetProxy = 65C9F0702CE95EEC00805858 /* PBXContainerItemProxy */;
		};
		65C9F07B2CE95EED00805858 /* PBXTargetDependency */ = {
			isa = PBXTargetDependency;
			target = 65C9F05E2CE95EE900805858 /* CineTrack */;
			targetProxy = 65C9F07A2CE95EED00805858 /* PBXContainerItemProxy */;
		};
/* End PBXTargetDependency section */

/* Begin XCBuildConfiguration section */
		65C9F0812CE95EED00805858 /* Debug */ = {
			isa = XCBuildConfiguration;
			buildSettings = {
				ALWAYS_SEARCH_USER_PATHS = NO;
				ASSETCATALOG_COMPILER_GENERATE_SWIFT_ASSET_SYMBOL_EXTENSIONS = YES;
				CLANG_ANALYZER_NONNULL = YES;
				CLANG_ANALYZER_NUMBER_OBJECT_CONVERSION = YES_AGGRESSIVE;
				CLANG_CXX_LANGUAGE_STANDARD = "gnu++20";
				CLANG_ENABLE_MODULES = YES;
				CLANG_ENABLE_OBJC_ARC = YES;
				CLANG_ENABLE_OBJC_WEAK = YES;
				CLANG_WARN_BLOCK_CAPTURE_AUTORELEASING = YES;
				CLANG_WARN_BOOL_CONVERSION = YES;
				CLANG_WARN_COMMA = YES;
				CLANG_WARN_CONSTANT_CONVERSION = YES;
				CLANG_WARN_DEPRECATED_OBJC_IMPLEMENTATIONS = YES;
				CLANG_WARN_DIRECT_OBJC_ISA_USAGE = YES_ERROR;
				CLANG_WARN_DOCUMENTATION_COMMENTS = YES;
				CLANG_WARN_EMPTY_BODY = YES;
				CLANG_WARN_ENUM_CONVERSION = YES;
				CLANG_WARN_INFINITE_RECURSION = YES;
				CLANG_WARN_INT_CONVERSION = YES;
				CLANG_WARN_NON_LITERAL_NULL_CONVERSION = YES;
				CLANG_WARN_OBJC_IMPLICIT_RETAIN_SELF = YES;
				CLANG_WARN_OBJC_LITERAL_CONVERSION = YES;
				CLANG_WARN_OBJC_ROOT_CLASS = YES_ERROR;
				CLANG_WARN_QUOTED_INCLUDE_IN_FRAMEWORK_HEADER = YES;
				CLANG_WARN_RANGE_LOOP_ANALYSIS = YES;
				CLANG_WARN_STRICT_PROTOTYPES = YES;
				CLANG_WARN_SUSPICIOUS_MOVE = YES;
				CLANG_WARN_UNGUARDED_AVAILABILITY = YES_AGGRESSIVE;
				CLANG_WARN_UNREACHABLE_CODE = YES;
				CLANG_WARN__DUPLICATE_METHOD_MATCH = YES;
				COPY_PHASE_STRIP = NO;
				DEBUG_INFORMATION_FORMAT = dwarf;
				ENABLE_STRICT_OBJC_MSGSEND = YES;
				ENABLE_TESTABILITY = YES;
				ENABLE_USER_SCRIPT_SANDBOXING = YES;
				GCC_C_LANGUAGE_STANDARD = gnu17;
				GCC_DYNAMIC_NO_PIC = NO;
				GCC_NO_COMMON_BLOCKS = YES;
				GCC_OPTIMIZATION_LEVEL = 0;
				GCC_PREPROCESSOR_DEFINITIONS = (
					"DEBUG=1",
					"$(inherited)",
				);
				GCC_WARN_64_TO_32_BIT_CONVERSION = YES;
				GCC_WARN_ABOUT_RETURN_TYPE = YES_ERROR;
				GCC_WARN_UNDECLARED_SELECTOR = YES;
				GCC_WARN_UNINITIALIZED_AUTOS = YES_AGGRESSIVE;
				GCC_WARN_UNUSED_FUNCTION = YES;
				GCC_WARN_UNUSED_VARIABLE = YES;
				IPHONEOS_DEPLOYMENT_TARGET = 18.1;
				LOCALIZATION_PREFERS_STRING_CATALOGS = YES;
				MTL_ENABLE_DEBUG_INFO = INCLUDE_SOURCE;
				MTL_FAST_MATH = YES;
				ONLY_ACTIVE_ARCH = YES;
				SDKROOT = iphoneos;
				SWIFT_ACTIVE_COMPILATION_CONDITIONS = "DEBUG $(inherited)";
				SWIFT_OPTIMIZATION_LEVEL = "-Onone";
			};
			name = Debug;
		};
		65C9F0822CE95EED00805858 /* Release */ = {
			isa = XCBuildConfiguration;
			buildSettings = {
				ALWAYS_SEARCH_USER_PATHS = NO;
				ASSETCATALOG_COMPILER_GENERATE_SWIFT_ASSET_SYMBOL_EXTENSIONS = YES;
				CLANG_ANALYZER_NONNULL = YES;
				CLANG_ANALYZER_NUMBER_OBJECT_CONVERSION = YES_AGGRESSIVE;
				CLANG_CXX_LANGUAGE_STANDARD = "gnu++20";
				CLANG_ENABLE_MODULES = YES;
				CLANG_ENABLE_OBJC_ARC = YES;
				CLANG_ENABLE_OBJC_WEAK = YES;
				CLANG_WARN_BLOCK_CAPTURE_AUTORELEASING = YES;
				CLANG_WARN_BOOL_CONVERSION = YES;
				CLANG_WARN_COMMA = YES;
				CLANG_WARN_CONSTANT_CONVERSION = YES;
				CLANG_WARN_DEPRECATED_OBJC_IMPLEMENTATIONS = YES;
				CLANG_WARN_DIRECT_OBJC_ISA_USAGE = YES_ERROR;
				CLANG_WARN_DOCUMENTATION_COMMENTS = YES;
				CLANG_WARN_EMPTY_BODY = YES;
				CLANG_WARN_ENUM_CONVERSION = YES;
				CLANG_WARN_INFINITE_RECURSION = YES;
				CLANG_WARN_INT_CONVERSION = YES;
				CLANG_WARN_NON_LITERAL_NULL_CONVERSION = YES;
				CLANG_WARN_OBJC_IMPLICIT_RETAIN_SELF = YES;
				CLANG_WARN_OBJC_LITERAL_CONVERSION = YES;
				CLANG_WARN_OBJC_ROOT_CLASS = YES_ERROR;
				CLANG_WARN_QUOTED_INCLUDE_IN_FRAMEWORK_HEADER = YES;
				CLANG_WARN_RANGE_LOOP_ANALYSIS = YES;
				CLANG_WARN_STRICT_PROTOTYPES = YES;
				CLANG_WARN_SUSPICIOUS_MOVE = YES;
				CLANG_WARN_UNGUARDED_AVAILABILITY = YES_AGGRESSIVE;
				CLANG_WARN_UNREACHABLE_CODE = YES;
				CLANG_WARN__DUPLICATE_METHOD_MATCH = YES;
				COPY_PHASE_STRIP = NO;
				DEBUG_INFORMATION_FORMAT = "dwarf-with-dsym";
				ENABLE_NS_ASSERTIONS = NO;
				ENABLE_STRICT_OBJC_MSGSEND = YES;
				ENABLE_USER_SCRIPT_SANDBOXING = YES;
				GCC_C_LANGUAGE_STANDARD = gnu17;
				GCC_NO_COMMON_BLOCKS = YES;
				GCC_WARN_64_TO_32_BIT_CONVERSION = YES;
				GCC_WARN_ABOUT_RETURN_TYPE = YES_ERROR;
				GCC_WARN_UNDECLARED_SELECTOR = YES;
				GCC_WARN_UNINITIALIZED_AUTOS = YES_AGGRESSIVE;
				GCC_WARN_UNUSED_FUNCTION = YES;
				GCC_WARN_UNUSED_VARIABLE = YES;
				IPHONEOS_DEPLOYMENT_TARGET = 18.1;
				LOCALIZATION_PREFERS_STRING_CATALOGS = YES;
				MTL_ENABLE_DEBUG_INFO = NO;
				MTL_FAST_MATH = YES;
				SDKROOT = iphoneos;
				SWIFT_COMPILATION_MODE = wholemodule;
				VALIDATE_PRODUCT = YES;
			};
			name = Release;
		};
		65C9F0842CE95EED00805858 /* Debug */ = {
			isa = XCBuildConfiguration;
			buildSettings = {
				ASSETCATALOG_COMPILER_APPICON_NAME = AppIcon;
				ASSETCATALOG_COMPILER_GLOBAL_ACCENT_COLOR_NAME = AccentColor;
				CODE_SIGN_STYLE = Automatic;
				CURRENT_PROJECT_VERSION = 1;
				DEVELOPMENT_ASSET_PATHS = "\"CineTrack/Core/Preview Content\"";
				DEVELOPMENT_TEAM = 626FRPWPF5;
				ENABLE_PREVIEWS = YES;
				ENABLE_USER_SCRIPT_SANDBOXING = NO;
				GENERATE_INFOPLIST_FILE = YES;
				INFOPLIST_FILE = CineTrack/Core/Info.plist;
				INFOPLIST_KEY_UIApplicationSceneManifest_Generation = YES;
				INFOPLIST_KEY_UIApplicationSupportsIndirectInputEvents = YES;
				INFOPLIST_KEY_UILaunchScreen_Generation = YES;
				INFOPLIST_KEY_UISupportedInterfaceOrientations_iPad = "UIInterfaceOrientationPortrait UIInterfaceOrientationPortraitUpsideDown UIInterfaceOrientationLandscapeLeft UIInterfaceOrientationLandscapeRight";
				INFOPLIST_KEY_UISupportedInterfaceOrientations_iPhone = "UIInterfaceOrientationPortrait UIInterfaceOrientationLandscapeLeft UIInterfaceOrientationLandscapeRight";
				IPHONEOS_DEPLOYMENT_TARGET = 16;
				LD_RUNPATH_SEARCH_PATHS = (
					"$(inherited)",
					"@executable_path/Frameworks",
				);
				MARKETING_VERSION = 1.0;
				PRODUCT_BUNDLE_IDENTIFIER = com.noosreg.CineTrack;
				PRODUCT_NAME = "$(TARGET_NAME)";
				SWIFT_EMIT_LOC_STRINGS = YES;
				SWIFT_VERSION = 5.0;
				TARGETED_DEVICE_FAMILY = "1,2";
			};
			name = Debug;
		};
		65C9F0852CE95EED00805858 /* Release */ = {
			isa = XCBuildConfiguration;
			buildSettings = {
				ASSETCATALOG_COMPILER_APPICON_NAME = AppIcon;
				ASSETCATALOG_COMPILER_GLOBAL_ACCENT_COLOR_NAME = AccentColor;
				CODE_SIGN_STYLE = Automatic;
				CURRENT_PROJECT_VERSION = 1;
				DEVELOPMENT_ASSET_PATHS = "\"CineTrack/Core/Preview Content\"";
				DEVELOPMENT_TEAM = 626FRPWPF5;
				ENABLE_PREVIEWS = YES;
				ENABLE_USER_SCRIPT_SANDBOXING = NO;
				GENERATE_INFOPLIST_FILE = YES;
				INFOPLIST_FILE = CineTrack/Core/Info.plist;
				INFOPLIST_KEY_UIApplicationSceneManifest_Generation = YES;
				INFOPLIST_KEY_UIApplicationSupportsIndirectInputEvents = YES;
				INFOPLIST_KEY_UILaunchScreen_Generation = YES;
				INFOPLIST_KEY_UISupportedInterfaceOrientations_iPad = "UIInterfaceOrientationPortrait UIInterfaceOrientationPortraitUpsideDown UIInterfaceOrientationLandscapeLeft UIInterfaceOrientationLandscapeRight";
				INFOPLIST_KEY_UISupportedInterfaceOrientations_iPhone = "UIInterfaceOrientationPortrait UIInterfaceOrientationLandscapeLeft UIInterfaceOrientationLandscapeRight";
				IPHONEOS_DEPLOYMENT_TARGET = 16;
				LD_RUNPATH_SEARCH_PATHS = (
					"$(inherited)",
					"@executable_path/Frameworks",
				);
				MARKETING_VERSION = 1.0;
				PRODUCT_BUNDLE_IDENTIFIER = com.noosreg.CineTrack;
				PRODUCT_NAME = "$(TARGET_NAME)";
				SWIFT_EMIT_LOC_STRINGS = YES;
				SWIFT_VERSION = 5.0;
				TARGETED_DEVICE_FAMILY = "1,2";
			};
			name = Release;
		};
		65C9F0872CE95EED00805858 /* Debug */ = {
			isa = XCBuildConfiguration;
			buildSettings = {
				BUNDLE_LOADER = "$(TEST_HOST)";
				CODE_SIGN_STYLE = Automatic;
				CURRENT_PROJECT_VERSION = 1;
				DEVELOPMENT_TEAM = 626FRPWPF5;
				ENABLE_USER_SCRIPT_SANDBOXING = NO;
				GENERATE_INFOPLIST_FILE = YES;
				IPHONEOS_DEPLOYMENT_TARGET = 18.1;
				MARKETING_VERSION = 1.0;
				PRODUCT_BUNDLE_IDENTIFIER = com.noosreg.CineTrackTests;
				PRODUCT_NAME = "$(TARGET_NAME)";
				SWIFT_EMIT_LOC_STRINGS = NO;
				SWIFT_VERSION = 5.0;
				TARGETED_DEVICE_FAMILY = "1,2";
				TEST_HOST = "$(BUILT_PRODUCTS_DIR)/CineTrack.app/$(BUNDLE_EXECUTABLE_FOLDER_PATH)/CineTrack";
			};
			name = Debug;
		};
		65C9F0882CE95EED00805858 /* Release */ = {
			isa = XCBuildConfiguration;
			buildSettings = {
				BUNDLE_LOADER = "$(TEST_HOST)";
				CODE_SIGN_STYLE = Automatic;
				CURRENT_PROJECT_VERSION = 1;
				DEVELOPMENT_TEAM = 626FRPWPF5;
				ENABLE_USER_SCRIPT_SANDBOXING = NO;
				GENERATE_INFOPLIST_FILE = YES;
				IPHONEOS_DEPLOYMENT_TARGET = 18.1;
				MARKETING_VERSION = 1.0;
				PRODUCT_BUNDLE_IDENTIFIER = com.noosreg.CineTrackTests;
				PRODUCT_NAME = "$(TARGET_NAME)";
				SWIFT_EMIT_LOC_STRINGS = NO;
				SWIFT_VERSION = 5.0;
				TARGETED_DEVICE_FAMILY = "1,2";
				TEST_HOST = "$(BUILT_PRODUCTS_DIR)/CineTrack.app/$(BUNDLE_EXECUTABLE_FOLDER_PATH)/CineTrack";
			};
			name = Release;
		};
		65C9F08A2CE95EED00805858 /* Debug */ = {
			isa = XCBuildConfiguration;
			buildSettings = {
				CODE_SIGN_STYLE = Automatic;
				CURRENT_PROJECT_VERSION = 1;
				DEVELOPMENT_TEAM = 626FRPWPF5;
				ENABLE_USER_SCRIPT_SANDBOXING = NO;
				GENERATE_INFOPLIST_FILE = YES;
				MARKETING_VERSION = 1.0;
				PRODUCT_BUNDLE_IDENTIFIER = com.noosreg.CineTrackUITests;
				PRODUCT_NAME = "$(TARGET_NAME)";
				SWIFT_EMIT_LOC_STRINGS = NO;
				SWIFT_VERSION = 5.0;
				TARGETED_DEVICE_FAMILY = "1,2";
				TEST_TARGET_NAME = CineTrack;
			};
			name = Debug;
		};
		65C9F08B2CE95EED00805858 /* Release */ = {
			isa = XCBuildConfiguration;
			buildSettings = {
				CODE_SIGN_STYLE = Automatic;
				CURRENT_PROJECT_VERSION = 1;
				DEVELOPMENT_TEAM = 626FRPWPF5;
				ENABLE_USER_SCRIPT_SANDBOXING = NO;
				GENERATE_INFOPLIST_FILE = YES;
				MARKETING_VERSION = 1.0;
				PRODUCT_BUNDLE_IDENTIFIER = com.noosreg.CineTrackUITests;
				PRODUCT_NAME = "$(TARGET_NAME)";
				SWIFT_EMIT_LOC_STRINGS = NO;
				SWIFT_VERSION = 5.0;
				TARGETED_DEVICE_FAMILY = "1,2";
				TEST_TARGET_NAME = CineTrack;
			};
			name = Release;
		};
/* End XCBuildConfiguration section */

/* Begin XCConfigurationList section */
		65C9F05A2CE95EE900805858 /* Build configuration list for PBXProject "CineTrack" */ = {
			isa = XCConfigurationList;
			buildConfigurations = (
				65C9F0812CE95EED00805858 /* Debug */,
				65C9F0822CE95EED00805858 /* Release */,
			);
			defaultConfigurationIsVisible = 0;
			defaultConfigurationName = Release;
		};
		65C9F0832CE95EED00805858 /* Build configuration list for PBXNativeTarget "CineTrack" */ = {
			isa = XCConfigurationList;
			buildConfigurations = (
				65C9F0842CE95EED00805858 /* Debug */,
				65C9F0852CE95EED00805858 /* Release */,
			);
			defaultConfigurationIsVisible = 0;
			defaultConfigurationName = Release;
		};
		65C9F0862CE95EED00805858 /* Build configuration list for PBXNativeTarget "CineTrackTests" */ = {
			isa = XCConfigurationList;
			buildConfigurations = (
				65C9F0872CE95EED00805858 /* Debug */,
				65C9F0882CE95EED00805858 /* Release */,
			);
			defaultConfigurationIsVisible = 0;
			defaultConfigurationName = Release;
		};
		65C9F0892CE95EED00805858 /* Build configuration list for PBXNativeTarget "CineTrackUITests" */ = {
			isa = XCConfigurationList;
			buildConfigurations = (
				65C9F08A2CE95EED00805858 /* Debug */,
				65C9F08B2CE95EED00805858 /* Release */,
			);
			defaultConfigurationIsVisible = 0;
			defaultConfigurationName = Release;
		};
/* End XCConfigurationList section */

/* Begin XCRemoteSwiftPackageReference section */
		65608CD52CFD8E9E00F5D6DC /* XCRemoteSwiftPackageReference "GoogleSignIn-iOS" */ = {
			isa = XCRemoteSwiftPackageReference;
			repositoryURL = "https://github.com/google/GoogleSignIn-iOS";
			requirement = {
				kind = upToNextMajorVersion;
				minimumVersion = 8.0.0;
			};
		};
		65988BF62CFEA0950042CC5F /* XCRemoteSwiftPackageReference "firebase-ios-sdk" */ = {
			isa = XCRemoteSwiftPackageReference;
			repositoryURL = "https://github.com/firebase/firebase-ios-sdk.git";
			requirement = {
				kind = upToNextMajorVersion;
				minimumVersion = 11.5.0;
			};
		};
/* End XCRemoteSwiftPackageReference section */

/* Begin XCSwiftPackageProductDependency section */
		650CF6DF2CFEB62100831AC4 /* FirebaseAnalytics */ = {
			isa = XCSwiftPackageProductDependency;
			package = 65988BF62CFEA0950042CC5F /* XCRemoteSwiftPackageReference "firebase-ios-sdk" */;
			productName = FirebaseAnalytics;
		};
		650CF6E12CFEB62100831AC4 /* FirebaseAnalyticsOnDeviceConversion */ = {
			isa = XCSwiftPackageProductDependency;
			package = 65988BF62CFEA0950042CC5F /* XCRemoteSwiftPackageReference "firebase-ios-sdk" */;
			productName = FirebaseAnalyticsOnDeviceConversion;
		};
		650CF6E32CFEB62100831AC4 /* FirebaseAnalyticsWithoutAdIdSupport */ = {
			isa = XCSwiftPackageProductDependency;
			package = 65988BF62CFEA0950042CC5F /* XCRemoteSwiftPackageReference "firebase-ios-sdk" */;
			productName = FirebaseAnalyticsWithoutAdIdSupport;
		};
		650CF6E52CFEB62100831AC4 /* FirebaseAppCheck */ = {
			isa = XCSwiftPackageProductDependency;
			package = 65988BF62CFEA0950042CC5F /* XCRemoteSwiftPackageReference "firebase-ios-sdk" */;
			productName = FirebaseAppCheck;
		};
		650CF6E72CFEB62100831AC4 /* FirebaseAppDistribution-Beta */ = {
			isa = XCSwiftPackageProductDependency;
			package = 65988BF62CFEA0950042CC5F /* XCRemoteSwiftPackageReference "firebase-ios-sdk" */;
			productName = "FirebaseAppDistribution-Beta";
		};
		650CF6EA2CFEE18300831AC4 /* FirebaseAuth */ = {
			isa = XCSwiftPackageProductDependency;
			package = 65988BF62CFEA0950042CC5F /* XCRemoteSwiftPackageReference "firebase-ios-sdk" */;
			productName = FirebaseAuth;
		};
		650CF6EC2CFEE18A00831AC4 /* FirebaseFirestore */ = {
			isa = XCSwiftPackageProductDependency;
			package = 65988BF62CFEA0950042CC5F /* XCRemoteSwiftPackageReference "firebase-ios-sdk" */;
			productName = FirebaseFirestore;
		};
		65608CD62CFD8E9E00F5D6DC /* GoogleSignIn */ = {
			isa = XCSwiftPackageProductDependency;
			package = 65608CD52CFD8E9E00F5D6DC /* XCRemoteSwiftPackageReference "GoogleSignIn-iOS" */;
			productName = GoogleSignIn;
		};
		65608CD82CFD8E9E00F5D6DC /* GoogleSignInSwift */ = {
			isa = XCSwiftPackageProductDependency;
			package = 65608CD52CFD8E9E00F5D6DC /* XCRemoteSwiftPackageReference "GoogleSignIn-iOS" */;
			productName = GoogleSignInSwift;
		};
		65988BF72CFEA0950042CC5F /* FirebaseAnalytics */ = {
			isa = XCSwiftPackageProductDependency;
			package = 65988BF62CFEA0950042CC5F /* XCRemoteSwiftPackageReference "firebase-ios-sdk" */;
			productName = FirebaseAnalytics;
		};
		65988BF92CFEA0950042CC5F /* FirebaseAnalyticsOnDeviceConversion */ = {
			isa = XCSwiftPackageProductDependency;
			package = 65988BF62CFEA0950042CC5F /* XCRemoteSwiftPackageReference "firebase-ios-sdk" */;
			productName = FirebaseAnalyticsOnDeviceConversion;
		};
		65988BFB2CFEA0950042CC5F /* FirebaseAnalyticsWithoutAdIdSupport */ = {
			isa = XCSwiftPackageProductDependency;
			package = 65988BF62CFEA0950042CC5F /* XCRemoteSwiftPackageReference "firebase-ios-sdk" */;
			productName = FirebaseAnalyticsWithoutAdIdSupport;
		};
		65988BFD2CFEA0950042CC5F /* FirebaseAppCheck */ = {
			isa = XCSwiftPackageProductDependency;
			package = 65988BF62CFEA0950042CC5F /* XCRemoteSwiftPackageReference "firebase-ios-sdk" */;
			productName = FirebaseAppCheck;
		};
		65988BFF2CFEA0950042CC5F /* FirebaseAppDistribution-Beta */ = {
			isa = XCSwiftPackageProductDependency;
			package = 65988BF62CFEA0950042CC5F /* XCRemoteSwiftPackageReference "firebase-ios-sdk" */;
			productName = "FirebaseAppDistribution-Beta";
		};
/* End XCSwiftPackageProductDependency section */
	};
	rootObject = 65C9F0572CE95EE900805858 /* Project object */;
}
