// !$*UTF8*$!
{
	archiveVersion = 1;
	classes = {
	};
	objectVersion = 63;
	objects = {

/* Begin PBXBuildFile section */
		0121A74AAE2FA56D73C01639 /* Pods_CineTrack.framework in Frameworks */ = {isa = PBXBuildFile; fileRef = 6E9F6AA34500EC5219644664 /* Pods_CineTrack.framework */; };
		5612E6F015C8EC887FE72AAF /* Pods_CineTrackTests.framework in Frameworks */ = {isa = PBXBuildFile; fileRef = 2310B36FBDE8750A2EB87219 /* Pods_CineTrackTests.framework */; };
		61ACE6747346E58990FB56AE /* Pods_CineTrack_CineTrackUITests.framework in Frameworks */ = {isa = PBXBuildFile; fileRef = 3F6C051C7C051E45A905056F /* Pods_CineTrack_CineTrackUITests.framework */; };
		65020E1D2CEE9652009D148F /* AppDelegate.swift in Sources */ = {isa = PBXBuildFile; fileRef = 65020E1C2CEE9652009D148F /* AppDelegate.swift */; };
		65020E222CEE9950009D148F /* LoginView.swift in Sources */ = {isa = PBXBuildFile; fileRef = 65020E212CEE9950009D148F /* LoginView.swift */; };
		651635C92CE961420003AE27 /* Preview Assets.xcassets in Resources */ = {isa = PBXBuildFile; fileRef = 651635C32CE961420003AE27 /* Preview Assets.xcassets */; };
		651635CA2CE961420003AE27 /* Assets.xcassets in Resources */ = {isa = PBXBuildFile; fileRef = 651635C52CE961420003AE27 /* Assets.xcassets */; };
		651635CB2CE961420003AE27 /* CineTrackApp.swift in Sources */ = {isa = PBXBuildFile; fileRef = 651635C62CE961420003AE27 /* CineTrackApp.swift */; };
		651635CC2CE961420003AE27 /* StartView.swift in Sources */ = {isa = PBXBuildFile; fileRef = 651635C72CE961420003AE27 /* StartView.swift */; };
		651635CF2CE961B20003AE27 /* CineTrackTests.swift in Sources */ = {isa = PBXBuildFile; fileRef = 651635CD2CE961B20003AE27 /* CineTrackTests.swift */; };
		651635D32CE961B60003AE27 /* CineTrackUITests.swift in Sources */ = {isa = PBXBuildFile; fileRef = 651635D02CE961B60003AE27 /* CineTrackUITests.swift */; };
		651635D42CE961B60003AE27 /* CineTrackUITestsLaunchTests.swift in Sources */ = {isa = PBXBuildFile; fileRef = 651635D12CE961B60003AE27 /* CineTrackUITestsLaunchTests.swift */; };
		6581162F2CEAAA5100066DE4 /* GoogleService-Info.plist in Resources */ = {isa = PBXBuildFile; fileRef = 6581162E2CEAAA5000066DE4 /* GoogleService-Info.plist */; };
		65A3CF052CEEF85700D8A77A /* Extension+View.swift in Sources */ = {isa = PBXBuildFile; fileRef = 65A3CF042CEEF85700D8A77A /* Extension+View.swift */; };
		65A3CF0A2CEEFE3F00D8A77A /* CustomButton.swift in Sources */ = {isa = PBXBuildFile; fileRef = 65A3CF092CEEFE3F00D8A77A /* CustomButton.swift */; };
		65A3CF0C2CEF057F00D8A77A /* LoginAnimationView.swift in Sources */ = {isa = PBXBuildFile; fileRef = 65A3CF0B2CEF057F00D8A77A /* LoginAnimationView.swift */; };
/* End PBXBuildFile section */

/* Begin PBXContainerItemProxy section */
		65C9F0702CE95EEC00805858 /* PBXContainerItemProxy */ = {
			isa = PBXContainerItemProxy;
			containerPortal = 65C9F0572CE95EE900805858 /* Project object */;
			proxyType = 1;
			remoteGlobalIDString = 65C9F05E2CE95EE900805858;
			remoteInfo = CineTrack;
		};
		65C9F07A2CE95EED00805858 /* PBXContainerItemProxy */ = {
			isa = PBXContainerItemProxy;
			containerPortal = 65C9F0572CE95EE900805858 /* Project object */;
			proxyType = 1;
			remoteGlobalIDString = 65C9F05E2CE95EE900805858;
			remoteInfo = CineTrack;
		};
/* End PBXContainerItemProxy section */

/* Begin PBXFileReference section */
		029E61DD54C4B11A5BB9820E /* Pods-CineTrackTests.debug.xcconfig */ = {isa = PBXFileReference; includeInIndex = 1; lastKnownFileType = text.xcconfig; name = "Pods-CineTrackTests.debug.xcconfig"; path = "Target Support Files/Pods-CineTrackTests/Pods-CineTrackTests.debug.xcconfig"; sourceTree = "<group>"; };
		2310B36FBDE8750A2EB87219 /* Pods_CineTrackTests.framework */ = {isa = PBXFileReference; explicitFileType = wrapper.framework; includeInIndex = 0; path = Pods_CineTrackTests.framework; sourceTree = BUILT_PRODUCTS_DIR; };
		3E40A45D4F6BE99C8395333D /* Pods-CineTrack-CineTrackUITests.debug.xcconfig */ = {isa = PBXFileReference; includeInIndex = 1; lastKnownFileType = text.xcconfig; name = "Pods-CineTrack-CineTrackUITests.debug.xcconfig"; path = "Target Support Files/Pods-CineTrack-CineTrackUITests/Pods-CineTrack-CineTrackUITests.debug.xcconfig"; sourceTree = "<group>"; };
		3F6C051C7C051E45A905056F /* Pods_CineTrack_CineTrackUITests.framework */ = {isa = PBXFileReference; explicitFileType = wrapper.framework; includeInIndex = 0; path = Pods_CineTrack_CineTrackUITests.framework; sourceTree = BUILT_PRODUCTS_DIR; };
		40F8D33DACDB63638A3CEE6D /* Pods-CineTrackTests.release.xcconfig */ = {isa = PBXFileReference; includeInIndex = 1; lastKnownFileType = text.xcconfig; name = "Pods-CineTrackTests.release.xcconfig"; path = "Target Support Files/Pods-CineTrackTests/Pods-CineTrackTests.release.xcconfig"; sourceTree = "<group>"; };
		49F90AD22226A974B7102261 /* Pods-CineTrack.debug.xcconfig */ = {isa = PBXFileReference; includeInIndex = 1; lastKnownFileType = text.xcconfig; name = "Pods-CineTrack.debug.xcconfig"; path = "Target Support Files/Pods-CineTrack/Pods-CineTrack.debug.xcconfig"; sourceTree = "<group>"; };
		64896450E58F2E1A3913A709 /* Pods-CineTrack-CineTrackUITests.release.xcconfig */ = {isa = PBXFileReference; includeInIndex = 1; lastKnownFileType = text.xcconfig; name = "Pods-CineTrack-CineTrackUITests.release.xcconfig"; path = "Target Support Files/Pods-CineTrack-CineTrackUITests/Pods-CineTrack-CineTrackUITests.release.xcconfig"; sourceTree = "<group>"; };
		65020E1C2CEE9652009D148F /* AppDelegate.swift */ = {isa = PBXFileReference; lastKnownFileType = sourcecode.swift; path = AppDelegate.swift; sourceTree = "<group>"; };
		65020E212CEE9950009D148F /* LoginView.swift */ = {isa = PBXFileReference; lastKnownFileType = sourcecode.swift; path = LoginView.swift; sourceTree = "<group>"; };
		651635C32CE961420003AE27 /* Preview Assets.xcassets */ = {isa = PBXFileReference; lastKnownFileType = folder.assetcatalog; path = "Preview Assets.xcassets"; sourceTree = "<group>"; };
		651635C52CE961420003AE27 /* Assets.xcassets */ = {isa = PBXFileReference; lastKnownFileType = folder.assetcatalog; path = Assets.xcassets; sourceTree = "<group>"; };
		651635C62CE961420003AE27 /* CineTrackApp.swift */ = {isa = PBXFileReference; lastKnownFileType = sourcecode.swift; path = CineTrackApp.swift; sourceTree = "<group>"; };
		651635C72CE961420003AE27 /* StartView.swift */ = {isa = PBXFileReference; lastKnownFileType = sourcecode.swift; path = StartView.swift; sourceTree = "<group>"; };
		651635CD2CE961B20003AE27 /* CineTrackTests.swift */ = {isa = PBXFileReference; lastKnownFileType = sourcecode.swift; path = CineTrackTests.swift; sourceTree = "<group>"; };
		651635D02CE961B60003AE27 /* CineTrackUITests.swift */ = {isa = PBXFileReference; lastKnownFileType = sourcecode.swift; path = CineTrackUITests.swift; sourceTree = "<group>"; };
		651635D12CE961B60003AE27 /* CineTrackUITestsLaunchTests.swift */ = {isa = PBXFileReference; lastKnownFileType = sourcecode.swift; path = CineTrackUITestsLaunchTests.swift; sourceTree = "<group>"; };
		6581162E2CEAAA5000066DE4 /* GoogleService-Info.plist */ = {isa = PBXFileReference; lastKnownFileType = text.plist.xml; path = "GoogleService-Info.plist"; sourceTree = "<group>"; };
		65A3CF042CEEF85700D8A77A /* Extension+View.swift */ = {isa = PBXFileReference; lastKnownFileType = sourcecode.swift; path = "Extension+View.swift"; sourceTree = "<group>"; };
		65A3CF092CEEFE3F00D8A77A /* CustomButton.swift */ = {isa = PBXFileReference; lastKnownFileType = sourcecode.swift; path = CustomButton.swift; sourceTree = "<group>"; };
		65A3CF0B2CEF057F00D8A77A /* LoginAnimationView.swift */ = {isa = PBXFileReference; lastKnownFileType = sourcecode.swift; path = LoginAnimationView.swift; sourceTree = "<group>"; };
		65C9F05F2CE95EE900805858 /* CineTrack.app */ = {isa = PBXFileReference; explicitFileType = wrapper.application; includeInIndex = 0; path = CineTrack.app; sourceTree = BUILT_PRODUCTS_DIR; };
		65C9F06F2CE95EEC00805858 /* CineTrackTests.xctest */ = {isa = PBXFileReference; explicitFileType = wrapper.cfbundle; includeInIndex = 0; path = CineTrackTests.xctest; sourceTree = BUILT_PRODUCTS_DIR; };
		65C9F0792CE95EED00805858 /* CineTrackUITests.xctest */ = {isa = PBXFileReference; explicitFileType = wrapper.cfbundle; includeInIndex = 0; path = CineTrackUITests.xctest; sourceTree = BUILT_PRODUCTS_DIR; };
		6E9F6AA34500EC5219644664 /* Pods_CineTrack.framework */ = {isa = PBXFileReference; explicitFileType = wrapper.framework; includeInIndex = 0; path = Pods_CineTrack.framework; sourceTree = BUILT_PRODUCTS_DIR; };
		B399525F2CCE35589B6A2E04 /* Pods-CineTrack.release.xcconfig */ = {isa = PBXFileReference; includeInIndex = 1; lastKnownFileType = text.xcconfig; name = "Pods-CineTrack.release.xcconfig"; path = "Target Support Files/Pods-CineTrack/Pods-CineTrack.release.xcconfig"; sourceTree = "<group>"; };
/* End PBXFileReference section */

/* Begin PBXFrameworksBuildPhase section */
		65C9F05C2CE95EE900805858 /* Frameworks */ = {
			isa = PBXFrameworksBuildPhase;
			buildActionMask = 2147483647;
			files = (
				0121A74AAE2FA56D73C01639 /* Pods_CineTrack.framework in Frameworks */,
			);
			runOnlyForDeploymentPostprocessing = 0;
		};
		65C9F06C2CE95EEC00805858 /* Frameworks */ = {
			isa = PBXFrameworksBuildPhase;
			buildActionMask = 2147483647;
			files = (
				5612E6F015C8EC887FE72AAF /* Pods_CineTrackTests.framework in Frameworks */,
			);
			runOnlyForDeploymentPostprocessing = 0;
		};
		65C9F0762CE95EED00805858 /* Frameworks */ = {
			isa = PBXFrameworksBuildPhase;
			buildActionMask = 2147483647;
			files = (
				61ACE6747346E58990FB56AE /* Pods_CineTrack_CineTrackUITests.framework in Frameworks */,
			);
			runOnlyForDeploymentPostprocessing = 0;
		};
/* End PBXFrameworksBuildPhase section */

/* Begin PBXGroup section */
		65020E182CEE95D3009D148F /* Login */ = {
			isa = PBXGroup;
			children = (
				65020E202CEE9936009D148F /* Model */,
				65020E1E2CEE9916009D148F /* View */,
				65020E1F2CEE9922009D148F /* ViewModel */,
				65020E192CEE95DE009D148F /* Firebase */,
			);
			path = Login;
			sourceTree = "<group>";
		};
		65020E192CEE95DE009D148F /* Firebase */ = {
			isa = PBXGroup;
			children = (
				6581162E2CEAAA5000066DE4 /* GoogleService-Info.plist */,
			);
			path = Firebase;
			sourceTree = "<group>";
		};
		65020E1E2CEE9916009D148F /* View */ = {
			isa = PBXGroup;
			children = (
				65020E212CEE9950009D148F /* LoginView.swift */,
				65A3CF0B2CEF057F00D8A77A /* LoginAnimationView.swift */,
			);
			path = View;
			sourceTree = "<group>";
		};
		65020E1F2CEE9922009D148F /* ViewModel */ = {
			isa = PBXGroup;
			children = (
			);
			path = ViewModel;
			sourceTree = "<group>";
		};
		65020E202CEE9936009D148F /* Model */ = {
			isa = PBXGroup;
			children = (
			);
			path = Model;
			sourceTree = "<group>";
		};
		651635C42CE961420003AE27 /* Preview Content */ = {
			isa = PBXGroup;
			children = (
				651635C32CE961420003AE27 /* Preview Assets.xcassets */,
			);
			path = "Preview Content";
			sourceTree = "<group>";
		};
		651635C82CE961420003AE27 /* CineTrack */ = {
			isa = PBXGroup;
			children = (
				65A3CF082CEEFE2C00D8A77A /* UI */,
				65A3CF012CEEF82100D8A77A /* Extension */,
				65020E182CEE95D3009D148F /* Login */,
				651635C42CE961420003AE27 /* Preview Content */,
				651635C52CE961420003AE27 /* Assets.xcassets */,
				651635C62CE961420003AE27 /* CineTrackApp.swift */,
				651635C72CE961420003AE27 /* StartView.swift */,
				65020E1C2CEE9652009D148F /* AppDelegate.swift */,
			);
			path = CineTrack;
			sourceTree = "<group>";
		};
		651635CE2CE961B20003AE27 /* CineTrackTests */ = {
			isa = PBXGroup;
			children = (
				651635CD2CE961B20003AE27 /* CineTrackTests.swift */,
			);
			path = CineTrackTests;
			sourceTree = "<group>";
		};
		651635D22CE961B60003AE27 /* CineTrackUITests */ = {
			isa = PBXGroup;
			children = (
				651635D02CE961B60003AE27 /* CineTrackUITests.swift */,
				651635D12CE961B60003AE27 /* CineTrackUITestsLaunchTests.swift */,
			);
			path = CineTrackUITests;
			sourceTree = "<group>";
		};
		65A3CF012CEEF82100D8A77A /* Extension */ = {
			isa = PBXGroup;
			children = (
				65A3CF042CEEF85700D8A77A /* Extension+View.swift */,
			);
			path = Extension;
			sourceTree = "<group>";
		};
		65A3CF062CEEFD6400D8A77A /* Button */ = {
			isa = PBXGroup;
			children = (
				65A3CF092CEEFE3F00D8A77A /* CustomButton.swift */,
			);
			path = Button;
			sourceTree = "<group>";
		};
		65A3CF082CEEFE2C00D8A77A /* UI */ = {
			isa = PBXGroup;
			children = (
				65A3CF062CEEFD6400D8A77A /* Button */,
			);
			path = UI;
			sourceTree = "<group>";
		};
		65C9F0562CE95EE900805858 = {
			isa = PBXGroup;
			children = (
				651635C82CE961420003AE27 /* CineTrack */,
				651635CE2CE961B20003AE27 /* CineTrackTests */,
				651635D22CE961B60003AE27 /* CineTrackUITests */,
				65C9F0602CE95EE900805858 /* Products */,
				8AADA232C64D694B8039611A /* Pods */,
				B99A9399F07E6F2AA012A691 /* Frameworks */,
			);
			sourceTree = "<group>";
		};
		65C9F0602CE95EE900805858 /* Products */ = {
			isa = PBXGroup;
			children = (
				65C9F05F2CE95EE900805858 /* CineTrack.app */,
				65C9F06F2CE95EEC00805858 /* CineTrackTests.xctest */,
				65C9F0792CE95EED00805858 /* CineTrackUITests.xctest */,
			);
			name = Products;
			sourceTree = "<group>";
		};
		8AADA232C64D694B8039611A /* Pods */ = {
			isa = PBXGroup;
			children = (
				49F90AD22226A974B7102261 /* Pods-CineTrack.debug.xcconfig */,
				B399525F2CCE35589B6A2E04 /* Pods-CineTrack.release.xcconfig */,
				3E40A45D4F6BE99C8395333D /* Pods-CineTrack-CineTrackUITests.debug.xcconfig */,
				64896450E58F2E1A3913A709 /* Pods-CineTrack-CineTrackUITests.release.xcconfig */,
				029E61DD54C4B11A5BB9820E /* Pods-CineTrackTests.debug.xcconfig */,
				40F8D33DACDB63638A3CEE6D /* Pods-CineTrackTests.release.xcconfig */,
			);
			path = Pods;
			sourceTree = "<group>";
		};
		B99A9399F07E6F2AA012A691 /* Frameworks */ = {
			isa = PBXGroup;
			children = (
				6E9F6AA34500EC5219644664 /* Pods_CineTrack.framework */,
				3F6C051C7C051E45A905056F /* Pods_CineTrack_CineTrackUITests.framework */,
				2310B36FBDE8750A2EB87219 /* Pods_CineTrackTests.framework */,
			);
			name = Frameworks;
			sourceTree = "<group>";
		};
/* End PBXGroup section */

/* Begin PBXNativeTarget section */
		65C9F05E2CE95EE900805858 /* CineTrack */ = {
			isa = PBXNativeTarget;
			buildConfigurationList = 65C9F0832CE95EED00805858 /* Build configuration list for PBXNativeTarget "CineTrack" */;
			buildPhases = (
				ADF61182AAFB5CD7635672C0 /* [CP] Check Pods Manifest.lock */,
				65C9F05B2CE95EE900805858 /* Sources */,
				65C9F05C2CE95EE900805858 /* Frameworks */,
				65C9F05D2CE95EE900805858 /* Resources */,
			);
			buildRules = (
			);
			dependencies = (
			);
			name = CineTrack;
			productName = CineTrack;
			productReference = 65C9F05F2CE95EE900805858 /* CineTrack.app */;
			productType = "com.apple.product-type.application";
		};
		65C9F06E2CE95EEC00805858 /* CineTrackTests */ = {
			isa = PBXNativeTarget;
			buildConfigurationList = 65C9F0862CE95EED00805858 /* Build configuration list for PBXNativeTarget "CineTrackTests" */;
			buildPhases = (
				7822B59852F8E5E6B41C6254 /* [CP] Check Pods Manifest.lock */,
				65C9F06B2CE95EEC00805858 /* Sources */,
				65C9F06C2CE95EEC00805858 /* Frameworks */,
				65C9F06D2CE95EEC00805858 /* Resources */,
			);
			buildRules = (
			);
			dependencies = (
				65C9F0712CE95EEC00805858 /* PBXTargetDependency */,
			);
			name = CineTrackTests;
			productName = CineTrackTests;
			productReference = 65C9F06F2CE95EEC00805858 /* CineTrackTests.xctest */;
			productType = "com.apple.product-type.bundle.unit-test";
		};
		65C9F0782CE95EED00805858 /* CineTrackUITests */ = {
			isa = PBXNativeTarget;
			buildConfigurationList = 65C9F0892CE95EED00805858 /* Build configuration list for PBXNativeTarget "CineTrackUITests" */;
			buildPhases = (
				D87E9909710294BF0B879249 /* [CP] Check Pods Manifest.lock */,
				65C9F0752CE95EED00805858 /* Sources */,
				65C9F0762CE95EED00805858 /* Frameworks */,
				65C9F0772CE95EED00805858 /* Resources */,
			);
			buildRules = (
			);
			dependencies = (
				65C9F07B2CE95EED00805858 /* PBXTargetDependency */,
			);
			name = CineTrackUITests;
			productName = CineTrackUITests;
			productReference = 65C9F0792CE95EED00805858 /* CineTrackUITests.xctest */;
			productType = "com.apple.product-type.bundle.ui-testing";
		};
/* End PBXNativeTarget section */

/* Begin PBXProject section */
		65C9F0572CE95EE900805858 /* Project object */ = {
			isa = PBXProject;
			attributes = {
				BuildIndependentTargetsInParallel = 1;
				LastSwiftUpdateCheck = 1610;
				LastUpgradeCheck = 1610;
				TargetAttributes = {
					65C9F05E2CE95EE900805858 = {
						CreatedOnToolsVersion = 16.1;
					};
					65C9F06E2CE95EEC00805858 = {
						CreatedOnToolsVersion = 16.1;
						TestTargetID = 65C9F05E2CE95EE900805858;
					};
					65C9F0782CE95EED00805858 = {
						CreatedOnToolsVersion = 16.1;
						TestTargetID = 65C9F05E2CE95EE900805858;
					};
				};
			};
			buildConfigurationList = 65C9F05A2CE95EE900805858 /* Build configuration list for PBXProject "CineTrack" */;
			compatibilityVersion = "Xcode 14.0";
			developmentRegion = en;
			hasScannedForEncodings = 0;
			knownRegions = (
				en,
				Base,
			);
			mainGroup = 65C9F0562CE95EE900805858;
			minimizedProjectReferenceProxies = 1;
			productRefGroup = 65C9F0602CE95EE900805858 /* Products */;
			projectDirPath = "";
			projectRoot = "";
			targets = (
				65C9F05E2CE95EE900805858 /* CineTrack */,
				65C9F06E2CE95EEC00805858 /* CineTrackTests */,
				65C9F0782CE95EED00805858 /* CineTrackUITests */,
			);
		};
/* End PBXProject section */

/* Begin PBXResourcesBuildPhase section */
		65C9F05D2CE95EE900805858 /* Resources */ = {
			isa = PBXResourcesBuildPhase;
			buildActionMask = 2147483647;
			files = (
				651635C92CE961420003AE27 /* Preview Assets.xcassets in Resources */,
				651635CA2CE961420003AE27 /* Assets.xcassets in Resources */,
				6581162F2CEAAA5100066DE4 /* GoogleService-Info.plist in Resources */,
			);
			runOnlyForDeploymentPostprocessing = 0;
		};
		65C9F06D2CE95EEC00805858 /* Resources */ = {
			isa = PBXResourcesBuildPhase;
			buildActionMask = 2147483647;
			files = (
			);
			runOnlyForDeploymentPostprocessing = 0;
		};
		65C9F0772CE95EED00805858 /* Resources */ = {
			isa = PBXResourcesBuildPhase;
			buildActionMask = 2147483647;
			files = (
			);
			runOnlyForDeploymentPostprocessing = 0;
		};
/* End PBXResourcesBuildPhase section */

/* Begin PBXShellScriptBuildPhase section */
		7822B59852F8E5E6B41C6254 /* [CP] Check Pods Manifest.lock */ = {
			isa = PBXShellScriptBuildPhase;
			buildActionMask = 2147483647;
			files = (
			);
			inputFileListPaths = (
			);
			inputPaths = (
				"${PODS_PODFILE_DIR_PATH}/Podfile.lock",
				"${PODS_ROOT}/Manifest.lock",
			);
			name = "[CP] Check Pods Manifest.lock";
			outputFileListPaths = (
			);
			outputPaths = (
				"$(DERIVED_FILE_DIR)/Pods-CineTrackTests-checkManifestLockResult.txt",
			);
			runOnlyForDeploymentPostprocessing = 0;
			shellPath = /bin/sh;
			shellScript = "diff \"${PODS_PODFILE_DIR_PATH}/Podfile.lock\" \"${PODS_ROOT}/Manifest.lock\" > /dev/null\nif [ $? != 0 ] ; then\n    # print error to STDERR\n    echo \"error: The sandbox is not in sync with the Podfile.lock. Run 'pod install' or update your CocoaPods installation.\" >&2\n    exit 1\nfi\n# This output is used by Xcode 'outputs' to avoid re-running this script phase.\necho \"SUCCESS\" > \"${SCRIPT_OUTPUT_FILE_0}\"\n";
			showEnvVarsInLog = 0;
		};
		ADF61182AAFB5CD7635672C0 /* [CP] Check Pods Manifest.lock */ = {
			isa = PBXShellScriptBuildPhase;
			buildActionMask = 2147483647;
			files = (
			);
			inputFileListPaths = (
			);
			inputPaths = (
				"${PODS_PODFILE_DIR_PATH}/Podfile.lock",
				"${PODS_ROOT}/Manifest.lock",
			);
			name = "[CP] Check Pods Manifest.lock";
			outputFileListPaths = (
			);
			outputPaths = (
				"$(DERIVED_FILE_DIR)/Pods-CineTrack-checkManifestLockResult.txt",
			);
			runOnlyForDeploymentPostprocessing = 0;
			shellPath = /bin/sh;
			shellScript = "diff \"${PODS_PODFILE_DIR_PATH}/Podfile.lock\" \"${PODS_ROOT}/Manifest.lock\" > /dev/null\nif [ $? != 0 ] ; then\n    # print error to STDERR\n    echo \"error: The sandbox is not in sync with the Podfile.lock. Run 'pod install' or update your CocoaPods installation.\" >&2\n    exit 1\nfi\n# This output is used by Xcode 'outputs' to avoid re-running this script phase.\necho \"SUCCESS\" > \"${SCRIPT_OUTPUT_FILE_0}\"\n";
			showEnvVarsInLog = 0;
		};
		D87E9909710294BF0B879249 /* [CP] Check Pods Manifest.lock */ = {
			isa = PBXShellScriptBuildPhase;
			buildActionMask = 2147483647;
			files = (
			);
			inputFileListPaths = (
			);
			inputPaths = (
				"${PODS_PODFILE_DIR_PATH}/Podfile.lock",
				"${PODS_ROOT}/Manifest.lock",
			);
			name = "[CP] Check Pods Manifest.lock";
			outputFileListPaths = (
			);
			outputPaths = (
				"$(DERIVED_FILE_DIR)/Pods-CineTrack-CineTrackUITests-checkManifestLockResult.txt",
			);
			runOnlyForDeploymentPostprocessing = 0;
			shellPath = /bin/sh;
			shellScript = "diff \"${PODS_PODFILE_DIR_PATH}/Podfile.lock\" \"${PODS_ROOT}/Manifest.lock\" > /dev/null\nif [ $? != 0 ] ; then\n    # print error to STDERR\n    echo \"error: The sandbox is not in sync with the Podfile.lock. Run 'pod install' or update your CocoaPods installation.\" >&2\n    exit 1\nfi\n# This output is used by Xcode 'outputs' to avoid re-running this script phase.\necho \"SUCCESS\" > \"${SCRIPT_OUTPUT_FILE_0}\"\n";
			showEnvVarsInLog = 0;
		};
/* End PBXShellScriptBuildPhase section */

/* Begin PBXSourcesBuildPhase section */
		65C9F05B2CE95EE900805858 /* Sources */ = {
			isa = PBXSourcesBuildPhase;
			buildActionMask = 2147483647;
			files = (
				65020E1D2CEE9652009D148F /* AppDelegate.swift in Sources */,
				651635CB2CE961420003AE27 /* CineTrackApp.swift in Sources */,
				65A3CF0A2CEEFE3F00D8A77A /* CustomButton.swift in Sources */,
				65A3CF0C2CEF057F00D8A77A /* LoginAnimationView.swift in Sources */,
				65A3CF052CEEF85700D8A77A /* Extension+View.swift in Sources */,
				65020E222CEE9950009D148F /* LoginView.swift in Sources */,
				651635CC2CE961420003AE27 /* StartView.swift in Sources */,
			);
			runOnlyForDeploymentPostprocessing = 0;
		};
		65C9F06B2CE95EEC00805858 /* Sources */ = {
			isa = PBXSourcesBuildPhase;
			buildActionMask = 2147483647;
			files = (
				651635CF2CE961B20003AE27 /* CineTrackTests.swift in Sources */,
			);
			runOnlyForDeploymentPostprocessing = 0;
		};
		65C9F0752CE95EED00805858 /* Sources */ = {
			isa = PBXSourcesBuildPhase;
			buildActionMask = 2147483647;
			files = (
				651635D32CE961B60003AE27 /* CineTrackUITests.swift in Sources */,
				651635D42CE961B60003AE27 /* CineTrackUITestsLaunchTests.swift in Sources */,
			);
			runOnlyForDeploymentPostprocessing = 0;
		};
/* End PBXSourcesBuildPhase section */

/* Begin PBXTargetDependency section */
		65C9F0712CE95EEC00805858 /* PBXTargetDependency */ = {
			isa = PBXTargetDependency;
			target = 65C9F05E2CE95EE900805858 /* CineTrack */;
			targetProxy = 65C9F0702CE95EEC00805858 /* PBXContainerItemProxy */;
		};
		65C9F07B2CE95EED00805858 /* PBXTargetDependency */ = {
			isa = PBXTargetDependency;
			target = 65C9F05E2CE95EE900805858 /* CineTrack */;
			targetProxy = 65C9F07A2CE95EED00805858 /* PBXContainerItemProxy */;
		};
/* End PBXTargetDependency section */

/* Begin XCBuildConfiguration section */
		65C9F0812CE95EED00805858 /* Debug */ = {
			isa = XCBuildConfiguration;
			buildSettings = {
				ALWAYS_SEARCH_USER_PATHS = NO;
				ASSETCATALOG_COMPILER_GENERATE_SWIFT_ASSET_SYMBOL_EXTENSIONS = YES;
				CLANG_ANALYZER_NONNULL = YES;
				CLANG_ANALYZER_NUMBER_OBJECT_CONVERSION = YES_AGGRESSIVE;
				CLANG_CXX_LANGUAGE_STANDARD = "gnu++20";
				CLANG_ENABLE_MODULES = YES;
				CLANG_ENABLE_OBJC_ARC = YES;
				CLANG_ENABLE_OBJC_WEAK = YES;
				CLANG_WARN_BLOCK_CAPTURE_AUTORELEASING = YES;
				CLANG_WARN_BOOL_CONVERSION = YES;
				CLANG_WARN_COMMA = YES;
				CLANG_WARN_CONSTANT_CONVERSION = YES;
				CLANG_WARN_DEPRECATED_OBJC_IMPLEMENTATIONS = YES;
				CLANG_WARN_DIRECT_OBJC_ISA_USAGE = YES_ERROR;
				CLANG_WARN_DOCUMENTATION_COMMENTS = YES;
				CLANG_WARN_EMPTY_BODY = YES;
				CLANG_WARN_ENUM_CONVERSION = YES;
				CLANG_WARN_INFINITE_RECURSION = YES;
				CLANG_WARN_INT_CONVERSION = YES;
				CLANG_WARN_NON_LITERAL_NULL_CONVERSION = YES;
				CLANG_WARN_OBJC_IMPLICIT_RETAIN_SELF = YES;
				CLANG_WARN_OBJC_LITERAL_CONVERSION = YES;
				CLANG_WARN_OBJC_ROOT_CLASS = YES_ERROR;
				CLANG_WARN_QUOTED_INCLUDE_IN_FRAMEWORK_HEADER = YES;
				CLANG_WARN_RANGE_LOOP_ANALYSIS = YES;
				CLANG_WARN_STRICT_PROTOTYPES = YES;
				CLANG_WARN_SUSPICIOUS_MOVE = YES;
				CLANG_WARN_UNGUARDED_AVAILABILITY = YES_AGGRESSIVE;
				CLANG_WARN_UNREACHABLE_CODE = YES;
				CLANG_WARN__DUPLICATE_METHOD_MATCH = YES;
				COPY_PHASE_STRIP = NO;
				DEBUG_INFORMATION_FORMAT = dwarf;
				ENABLE_STRICT_OBJC_MSGSEND = YES;
				ENABLE_TESTABILITY = YES;
				ENABLE_USER_SCRIPT_SANDBOXING = YES;
				GCC_C_LANGUAGE_STANDARD = gnu17;
				GCC_DYNAMIC_NO_PIC = NO;
				GCC_NO_COMMON_BLOCKS = YES;
				GCC_OPTIMIZATION_LEVEL = 0;
				GCC_PREPROCESSOR_DEFINITIONS = (
					"DEBUG=1",
					"$(inherited)",
				);
				GCC_WARN_64_TO_32_BIT_CONVERSION = YES;
				GCC_WARN_ABOUT_RETURN_TYPE = YES_ERROR;
				GCC_WARN_UNDECLARED_SELECTOR = YES;
				GCC_WARN_UNINITIALIZED_AUTOS = YES_AGGRESSIVE;
				GCC_WARN_UNUSED_FUNCTION = YES;
				GCC_WARN_UNUSED_VARIABLE = YES;
				IPHONEOS_DEPLOYMENT_TARGET = 18.1;
				LOCALIZATION_PREFERS_STRING_CATALOGS = YES;
				MTL_ENABLE_DEBUG_INFO = INCLUDE_SOURCE;
				MTL_FAST_MATH = YES;
				ONLY_ACTIVE_ARCH = YES;
				SDKROOT = iphoneos;
				SWIFT_ACTIVE_COMPILATION_CONDITIONS = "DEBUG $(inherited)";
				SWIFT_OPTIMIZATION_LEVEL = "-Onone";
			};
			name = Debug;
		};
		65C9F0822CE95EED00805858 /* Release */ = {
			isa = XCBuildConfiguration;
			buildSettings = {
				ALWAYS_SEARCH_USER_PATHS = NO;
				ASSETCATALOG_COMPILER_GENERATE_SWIFT_ASSET_SYMBOL_EXTENSIONS = YES;
				CLANG_ANALYZER_NONNULL = YES;
				CLANG_ANALYZER_NUMBER_OBJECT_CONVERSION = YES_AGGRESSIVE;
				CLANG_CXX_LANGUAGE_STANDARD = "gnu++20";
				CLANG_ENABLE_MODULES = YES;
				CLANG_ENABLE_OBJC_ARC = YES;
				CLANG_ENABLE_OBJC_WEAK = YES;
				CLANG_WARN_BLOCK_CAPTURE_AUTORELEASING = YES;
				CLANG_WARN_BOOL_CONVERSION = YES;
				CLANG_WARN_COMMA = YES;
				CLANG_WARN_CONSTANT_CONVERSION = YES;
				CLANG_WARN_DEPRECATED_OBJC_IMPLEMENTATIONS = YES;
				CLANG_WARN_DIRECT_OBJC_ISA_USAGE = YES_ERROR;
				CLANG_WARN_DOCUMENTATION_COMMENTS = YES;
				CLANG_WARN_EMPTY_BODY = YES;
				CLANG_WARN_ENUM_CONVERSION = YES;
				CLANG_WARN_INFINITE_RECURSION = YES;
				CLANG_WARN_INT_CONVERSION = YES;
				CLANG_WARN_NON_LITERAL_NULL_CONVERSION = YES;
				CLANG_WARN_OBJC_IMPLICIT_RETAIN_SELF = YES;
				CLANG_WARN_OBJC_LITERAL_CONVERSION = YES;
				CLANG_WARN_OBJC_ROOT_CLASS = YES_ERROR;
				CLANG_WARN_QUOTED_INCLUDE_IN_FRAMEWORK_HEADER = YES;
				CLANG_WARN_RANGE_LOOP_ANALYSIS = YES;
				CLANG_WARN_STRICT_PROTOTYPES = YES;
				CLANG_WARN_SUSPICIOUS_MOVE = YES;
				CLANG_WARN_UNGUARDED_AVAILABILITY = YES_AGGRESSIVE;
				CLANG_WARN_UNREACHABLE_CODE = YES;
				CLANG_WARN__DUPLICATE_METHOD_MATCH = YES;
				COPY_PHASE_STRIP = NO;
				DEBUG_INFORMATION_FORMAT = "dwarf-with-dsym";
				ENABLE_NS_ASSERTIONS = NO;
				ENABLE_STRICT_OBJC_MSGSEND = YES;
				ENABLE_USER_SCRIPT_SANDBOXING = YES;
				GCC_C_LANGUAGE_STANDARD = gnu17;
				GCC_NO_COMMON_BLOCKS = YES;
				GCC_WARN_64_TO_32_BIT_CONVERSION = YES;
				GCC_WARN_ABOUT_RETURN_TYPE = YES_ERROR;
				GCC_WARN_UNDECLARED_SELECTOR = YES;
				GCC_WARN_UNINITIALIZED_AUTOS = YES_AGGRESSIVE;
				GCC_WARN_UNUSED_FUNCTION = YES;
				GCC_WARN_UNUSED_VARIABLE = YES;
				IPHONEOS_DEPLOYMENT_TARGET = 18.1;
				LOCALIZATION_PREFERS_STRING_CATALOGS = YES;
				MTL_ENABLE_DEBUG_INFO = NO;
				MTL_FAST_MATH = YES;
				SDKROOT = iphoneos;
				SWIFT_COMPILATION_MODE = wholemodule;
				VALIDATE_PRODUCT = YES;
			};
			name = Release;
		};
		65C9F0842CE95EED00805858 /* Debug */ = {
			isa = XCBuildConfiguration;
			baseConfigurationReference = 49F90AD22226A974B7102261 /* Pods-CineTrack.debug.xcconfig */;
			buildSettings = {
				ASSETCATALOG_COMPILER_APPICON_NAME = AppIcon;
				ASSETCATALOG_COMPILER_GLOBAL_ACCENT_COLOR_NAME = AccentColor;
				CODE_SIGN_STYLE = Automatic;
				CURRENT_PROJECT_VERSION = 1;
				DEVELOPMENT_ASSET_PATHS = "\"CineTrack/Preview Content\"";
				DEVELOPMENT_TEAM = 626FRPWPF5;
				ENABLE_PREVIEWS = YES;
				ENABLE_USER_SCRIPT_SANDBOXING = NO;
				GENERATE_INFOPLIST_FILE = YES;
				INFOPLIST_KEY_UIApplicationSceneManifest_Generation = YES;
				INFOPLIST_KEY_UIApplicationSupportsIndirectInputEvents = YES;
				INFOPLIST_KEY_UILaunchScreen_Generation = YES;
				INFOPLIST_KEY_UISupportedInterfaceOrientations_iPad = "UIInterfaceOrientationPortrait UIInterfaceOrientationPortraitUpsideDown UIInterfaceOrientationLandscapeLeft UIInterfaceOrientationLandscapeRight";
				INFOPLIST_KEY_UISupportedInterfaceOrientations_iPhone = "UIInterfaceOrientationPortrait UIInterfaceOrientationLandscapeLeft UIInterfaceOrientationLandscapeRight";
				IPHONEOS_DEPLOYMENT_TARGET = 15.6;
				LD_RUNPATH_SEARCH_PATHS = (
					"$(inherited)",
					"@executable_path/Frameworks",
				);
				MARKETING_VERSION = 1.0;
				PRODUCT_BUNDLE_IDENTIFIER = com.noosreg.CineTrack;
				PRODUCT_NAME = "$(TARGET_NAME)";
				SWIFT_EMIT_LOC_STRINGS = YES;
				SWIFT_VERSION = 5.0;
				TARGETED_DEVICE_FAMILY = "1,2";
			};
			name = Debug;
		};
		65C9F0852CE95EED00805858 /* Release */ = {
			isa = XCBuildConfiguration;
			baseConfigurationReference = B399525F2CCE35589B6A2E04 /* Pods-CineTrack.release.xcconfig */;
			buildSettings = {
				ASSETCATALOG_COMPILER_APPICON_NAME = AppIcon;
				ASSETCATALOG_COMPILER_GLOBAL_ACCENT_COLOR_NAME = AccentColor;
				CODE_SIGN_STYLE = Automatic;
				CURRENT_PROJECT_VERSION = 1;
				DEVELOPMENT_ASSET_PATHS = "\"CineTrack/Preview Content\"";
				DEVELOPMENT_TEAM = 626FRPWPF5;
				ENABLE_PREVIEWS = YES;
				ENABLE_USER_SCRIPT_SANDBOXING = NO;
				GENERATE_INFOPLIST_FILE = YES;
				INFOPLIST_KEY_UIApplicationSceneManifest_Generation = YES;
				INFOPLIST_KEY_UIApplicationSupportsIndirectInputEvents = YES;
				INFOPLIST_KEY_UILaunchScreen_Generation = YES;
				INFOPLIST_KEY_UISupportedInterfaceOrientations_iPad = "UIInterfaceOrientationPortrait UIInterfaceOrientationPortraitUpsideDown UIInterfaceOrientationLandscapeLeft UIInterfaceOrientationLandscapeRight";
				INFOPLIST_KEY_UISupportedInterfaceOrientations_iPhone = "UIInterfaceOrientationPortrait UIInterfaceOrientationLandscapeLeft UIInterfaceOrientationLandscapeRight";
				IPHONEOS_DEPLOYMENT_TARGET = 15.6;
				LD_RUNPATH_SEARCH_PATHS = (
					"$(inherited)",
					"@executable_path/Frameworks",
				);
				MARKETING_VERSION = 1.0;
				PRODUCT_BUNDLE_IDENTIFIER = com.noosreg.CineTrack;
				PRODUCT_NAME = "$(TARGET_NAME)";
				SWIFT_EMIT_LOC_STRINGS = YES;
				SWIFT_VERSION = 5.0;
				TARGETED_DEVICE_FAMILY = "1,2";
			};
			name = Release;
		};
		65C9F0872CE95EED00805858 /* Debug */ = {
			isa = XCBuildConfiguration;
			baseConfigurationReference = 029E61DD54C4B11A5BB9820E /* Pods-CineTrackTests.debug.xcconfig */;
			buildSettings = {
				BUNDLE_LOADER = "$(TEST_HOST)";
				CODE_SIGN_STYLE = Automatic;
				CURRENT_PROJECT_VERSION = 1;
				DEVELOPMENT_TEAM = 626FRPWPF5;
				ENABLE_USER_SCRIPT_SANDBOXING = NO;
				GENERATE_INFOPLIST_FILE = YES;
				IPHONEOS_DEPLOYMENT_TARGET = 18.1;
				MARKETING_VERSION = 1.0;
				PRODUCT_BUNDLE_IDENTIFIER = com.noosreg.CineTrackTests;
				PRODUCT_NAME = "$(TARGET_NAME)";
				SWIFT_EMIT_LOC_STRINGS = NO;
				SWIFT_VERSION = 5.0;
				TARGETED_DEVICE_FAMILY = "1,2";
				TEST_HOST = "$(BUILT_PRODUCTS_DIR)/CineTrack.app/$(BUNDLE_EXECUTABLE_FOLDER_PATH)/CineTrack";
			};
			name = Debug;
		};
		65C9F0882CE95EED00805858 /* Release */ = {
			isa = XCBuildConfiguration;
			baseConfigurationReference = 40F8D33DACDB63638A3CEE6D /* Pods-CineTrackTests.release.xcconfig */;
			buildSettings = {
				BUNDLE_LOADER = "$(TEST_HOST)";
				CODE_SIGN_STYLE = Automatic;
				CURRENT_PROJECT_VERSION = 1;
				DEVELOPMENT_TEAM = 626FRPWPF5;
				ENABLE_USER_SCRIPT_SANDBOXING = NO;
				GENERATE_INFOPLIST_FILE = YES;
				IPHONEOS_DEPLOYMENT_TARGET = 18.1;
				MARKETING_VERSION = 1.0;
				PRODUCT_BUNDLE_IDENTIFIER = com.noosreg.CineTrackTests;
				PRODUCT_NAME = "$(TARGET_NAME)";
				SWIFT_EMIT_LOC_STRINGS = NO;
				SWIFT_VERSION = 5.0;
				TARGETED_DEVICE_FAMILY = "1,2";
				TEST_HOST = "$(BUILT_PRODUCTS_DIR)/CineTrack.app/$(BUNDLE_EXECUTABLE_FOLDER_PATH)/CineTrack";
			};
			name = Release;
		};
		65C9F08A2CE95EED00805858 /* Debug */ = {
			isa = XCBuildConfiguration;
			baseConfigurationReference = 3E40A45D4F6BE99C8395333D /* Pods-CineTrack-CineTrackUITests.debug.xcconfig */;
			buildSettings = {
				CODE_SIGN_STYLE = Automatic;
				CURRENT_PROJECT_VERSION = 1;
				DEVELOPMENT_TEAM = 626FRPWPF5;
				ENABLE_USER_SCRIPT_SANDBOXING = NO;
				GENERATE_INFOPLIST_FILE = YES;
				MARKETING_VERSION = 1.0;
				PRODUCT_BUNDLE_IDENTIFIER = com.noosreg.CineTrackUITests;
				PRODUCT_NAME = "$(TARGET_NAME)";
				SWIFT_EMIT_LOC_STRINGS = NO;
				SWIFT_VERSION = 5.0;
				TARGETED_DEVICE_FAMILY = "1,2";
				TEST_TARGET_NAME = CineTrack;
			};
			name = Debug;
		};
		65C9F08B2CE95EED00805858 /* Release */ = {
			isa = XCBuildConfiguration;
			baseConfigurationReference = 64896450E58F2E1A3913A709 /* Pods-CineTrack-CineTrackUITests.release.xcconfig */;
			buildSettings = {
				CODE_SIGN_STYLE = Automatic;
				CURRENT_PROJECT_VERSION = 1;
				DEVELOPMENT_TEAM = 626FRPWPF5;
				ENABLE_USER_SCRIPT_SANDBOXING = NO;
				GENERATE_INFOPLIST_FILE = YES;
				MARKETING_VERSION = 1.0;
				PRODUCT_BUNDLE_IDENTIFIER = com.noosreg.CineTrackUITests;
				PRODUCT_NAME = "$(TARGET_NAME)";
				SWIFT_EMIT_LOC_STRINGS = NO;
				SWIFT_VERSION = 5.0;
				TARGETED_DEVICE_FAMILY = "1,2";
				TEST_TARGET_NAME = CineTrack;
			};
			name = Release;
		};
/* End XCBuildConfiguration section */

/* Begin XCConfigurationList section */
		65C9F05A2CE95EE900805858 /* Build configuration list for PBXProject "CineTrack" */ = {
			isa = XCConfigurationList;
			buildConfigurations = (
				65C9F0812CE95EED00805858 /* Debug */,
				65C9F0822CE95EED00805858 /* Release */,
			);
			defaultConfigurationIsVisible = 0;
			defaultConfigurationName = Release;
		};
		65C9F0832CE95EED00805858 /* Build configuration list for PBXNativeTarget "CineTrack" */ = {
			isa = XCConfigurationList;
			buildConfigurations = (
				65C9F0842CE95EED00805858 /* Debug */,
				65C9F0852CE95EED00805858 /* Release */,
			);
			defaultConfigurationIsVisible = 0;
			defaultConfigurationName = Release;
		};
		65C9F0862CE95EED00805858 /* Build configuration list for PBXNativeTarget "CineTrackTests" */ = {
			isa = XCConfigurationList;
			buildConfigurations = (
				65C9F0872CE95EED00805858 /* Debug */,
				65C9F0882CE95EED00805858 /* Release */,
			);
			defaultConfigurationIsVisible = 0;
			defaultConfigurationName = Release;
		};
		65C9F0892CE95EED00805858 /* Build configuration list for PBXNativeTarget "CineTrackUITests" */ = {
			isa = XCConfigurationList;
			buildConfigurations = (
				65C9F08A2CE95EED00805858 /* Debug */,
				65C9F08B2CE95EED00805858 /* Release */,
			);
			defaultConfigurationIsVisible = 0;
			defaultConfigurationName = Release;
		};
/* End XCConfigurationList section */
	};
	rootObject = 65C9F0572CE95EE900805858 /* Project object */;
}
